// !$*UTF8*$!
{
	archiveVersion = 1;
	classes = {
	};
	objectVersion = 54;
	objects = {

/* Begin PBXBuildFile section */
		541E984D192F417F000020E6 /* VBHelpTVC.m in Sources */ = {isa = PBXBuildFile; fileRef = 541E984C192F417F000020E6 /* VBHelpTVC.m */; };
		541E9850192F419E000020E6 /* VBHelpPageVC.m in Sources */ = {isa = PBXBuildFile; fileRef = 541E984F192F419E000020E6 /* VBHelpPageVC.m */; };
		5420DC7318C39F3D006CE82F /* Localizable.strings in Resources */ = {isa = PBXBuildFile; fileRef = 5420DC7518C39F3D006CE82F /* Localizable.strings */; };
		5424172218DAF19300DB913A /* VBLookupSettings.m in Sources */ = {isa = PBXBuildFile; fileRef = 5424172118DAF19300DB913A /* VBLookupSettings.m */; };
		5424172518DAF43F00DB913A /* VBLookupAddURLVC.m in Sources */ = {isa = PBXBuildFile; fileRef = 5424172418DAF43F00DB913A /* VBLookupAddURLVC.m */; };
		5425CEFC18B907A300FCA274 /* VBMenuCVC.m in Sources */ = {isa = PBXBuildFile; fileRef = 5425CEFB18B907A300FCA274 /* VBMenuCVC.m */; };
		5425CEFF18B907EE00FCA274 /* VBWordBrowserTVC.m in Sources */ = {isa = PBXBuildFile; fileRef = 5425CEFE18B907EE00FCA274 /* VBWordBrowserTVC.m */; };
		5425CF0518B919B900FCA274 /* VBMenuWordSetCell.m in Sources */ = {isa = PBXBuildFile; fileRef = 5425CF0418B919B900FCA274 /* VBMenuWordSetCell.m */; };
		5433851F18BE58EE0084C143 /* WordsStatistcsCell.m in Sources */ = {isa = PBXBuildFile; fileRef = 5433851E18BE58EE0084C143 /* WordsStatistcsCell.m */; };
		543A0EAE190D38E90036280A /* Word.m in Sources */ = {isa = PBXBuildFile; fileRef = 543A0EAD190D38E90036280A /* Word.m */; };
		543A0EB4190D3CDB0036280A /* WordSet.m in Sources */ = {isa = PBXBuildFile; fileRef = 543A0EB3190D3CDB0036280A /* WordSet.m */; };
		5440FD2F18E1CEF6002B688F /* VBCreateSetNameCell.m in Sources */ = {isa = PBXBuildFile; fileRef = 5440FD2E18E1CEF6002B688F /* VBCreateSetNameCell.m */; };
		5440FD3218E1CF12002B688F /* VBCreateSetDescriptionCell.m in Sources */ = {isa = PBXBuildFile; fileRef = 5440FD3118E1CF12002B688F /* VBCreateSetDescriptionCell.m */; };
		5440FD3518E1CF28002B688F /* VBCreateSetFavouritesCell.m in Sources */ = {isa = PBXBuildFile; fileRef = 5440FD3418E1CF28002B688F /* VBCreateSetFavouritesCell.m */; };
		5440FD3818E1E6B0002B688F /* VBMenuFooterView.m in Sources */ = {isa = PBXBuildFile; fileRef = 5440FD3718E1E6B0002B688F /* VBMenuFooterView.m */; };
		544441B118BB534D00992026 /* VBMenuHeaderView.m in Sources */ = {isa = PBXBuildFile; fileRef = 544441B018BB534D00992026 /* VBMenuHeaderView.m */; };
		544441B418BB581B00992026 /* VBSetBrowserTVC.m in Sources */ = {isa = PBXBuildFile; fileRef = 544441B318BB581B00992026 /* VBSetBrowserTVC.m */; };
		544441B718BB5C9A00992026 /* VBMenuNavigationCell.m in Sources */ = {isa = PBXBuildFile; fileRef = 544441B618BB5C9A00992026 /* VBMenuNavigationCell.m */; };
		5447464118F803D8005D3E18 /* VBLookupURLHelper.m in Sources */ = {isa = PBXBuildFile; fileRef = 5447464018F803D8005D3E18 /* VBLookupURLHelper.m */; };
		544C667318D47FA60020C615 /* VBSettingsTVC.m in Sources */ = {isa = PBXBuildFile; fileRef = 544C667218D47FA60020C615 /* VBSettingsTVC.m */; };
		544C667618D492310020C615 /* VBChangeSetTVC.m in Sources */ = {isa = PBXBuildFile; fileRef = 544C667518D492310020C615 /* VBChangeSetTVC.m */; };
		5450D95818CF1E43001B4BCB /* VBHelper.m in Sources */ = {isa = PBXBuildFile; fileRef = 5450D95718CF1E43001B4BCB /* VBHelper.m */; };
		545624C118BA08510017A257 /* VBWordLookupVC.m in Sources */ = {isa = PBXBuildFile; fileRef = 545624C018BA08510017A257 /* VBWordLookupVC.m */; };
		54589681190A47100092937F /* VBImportExport.m in Sources */ = {isa = PBXBuildFile; fileRef = 54589680190A47100092937F /* VBImportExport.m */; };
		54589684190A4C7B0092937F /* VBImportFileTVC.m in Sources */ = {isa = PBXBuildFile; fileRef = 54589683190A4C7B0092937F /* VBImportFileTVC.m */; };
		545D370218E48F8200A8A94B /* VBSetBrowserBase.m in Sources */ = {isa = PBXBuildFile; fileRef = 545D370118E48F8200A8A94B /* VBSetBrowserBase.m */; };
		5465111F18EE9829009CB416 /* VBWordQuizView.m in Sources */ = {isa = PBXBuildFile; fileRef = 5465111E18EE9829009CB416 /* VBWordQuizView.m */; };
		5465112218EE9F29009CB416 /* VBWordTrainerView.m in Sources */ = {isa = PBXBuildFile; fileRef = 5465112118EE9F29009CB416 /* VBWordTrainerView.m */; };
		5468EB3718B8AEB600716507 /* Foundation.framework in Frameworks */ = {isa = PBXBuildFile; fileRef = 5468EB3618B8AEB600716507 /* Foundation.framework */; };
		5468EB3918B8AEB600716507 /* CoreGraphics.framework in Frameworks */ = {isa = PBXBuildFile; fileRef = 5468EB3818B8AEB600716507 /* CoreGraphics.framework */; };
		5468EB3B18B8AEB600716507 /* UIKit.framework in Frameworks */ = {isa = PBXBuildFile; fileRef = 5468EB3A18B8AEB600716507 /* UIKit.framework */; };
		5468EB4118B8AEB600716507 /* InfoPlist.strings in Resources */ = {isa = PBXBuildFile; fileRef = 5468EB3F18B8AEB600716507 /* InfoPlist.strings */; };
		5468EB4718B8AEB600716507 /* VBAppDelegate.m in Sources */ = {isa = PBXBuildFile; fileRef = 5468EB4618B8AEB600716507 /* VBAppDelegate.m */; };
		5468EB4A18B8AEB600716507 /* Main_iPhone.storyboard in Resources */ = {isa = PBXBuildFile; fileRef = 5468EB4818B8AEB600716507 /* Main_iPhone.storyboard */; };
		5468EB4D18B8AEB700716507 /* Main_iPad.storyboard in Resources */ = {isa = PBXBuildFile; fileRef = 5468EB4B18B8AEB700716507 /* Main_iPad.storyboard */; };
		5468EB5318B8AEB700716507 /* VBWordInspectorVC.m in Sources */ = {isa = PBXBuildFile; fileRef = 5468EB5218B8AEB700716507 /* VBWordInspectorVC.m */; };
		5468EB5518B8AEB700716507 /* Images.xcassets in Resources */ = {isa = PBXBuildFile; fileRef = 5468EB5418B8AEB700716507 /* Images.xcassets */; };
		5468EB5C18B8AEB700716507 /* XCTest.framework in Frameworks */ = {isa = PBXBuildFile; fileRef = 5468EB5B18B8AEB700716507 /* XCTest.framework */; };
		5468EB5D18B8AEB700716507 /* Foundation.framework in Frameworks */ = {isa = PBXBuildFile; fileRef = 5468EB3618B8AEB600716507 /* Foundation.framework */; };
		5468EB5E18B8AEB700716507 /* UIKit.framework in Frameworks */ = {isa = PBXBuildFile; fileRef = 5468EB3A18B8AEB600716507 /* UIKit.framework */; };
		546FA3AA18E2E38B00F0CBAC /* VBPremiumTVC.m in Sources */ = {isa = PBXBuildFile; fileRef = 546FA3A918E2E38B00F0CBAC /* VBPremiumTVC.m */; };
		5471593F192DE904002C9E24 /* Word+DocumentOperations.m in Sources */ = {isa = PBXBuildFile; fileRef = 5471593E192DE904002C9E24 /* Word+DocumentOperations.m */; };
		54715942192DE912002C9E24 /* WordSet+DocumentOperations.m in Sources */ = {isa = PBXBuildFile; fileRef = 54715941192DE912002C9E24 /* WordSet+DocumentOperations.m */; };
		5496FE5018CC946000E58378 /* VBWordView.m in Sources */ = {isa = PBXBuildFile; fileRef = 5496FE4F18CC946000E58378 /* VBWordView.m */; };
		54AE86CF18E34E3F00A3860F /* VBDocumentManager.m in Sources */ = {isa = PBXBuildFile; fileRef = 54AE86CE18E34E3F00A3860F /* VBDocumentManager.m */; };
		54B19D63194A07A1003B0888 /* StoreKit.framework in Frameworks */ = {isa = PBXBuildFile; fileRef = 54B19D62194A07A1003B0888 /* StoreKit.framework */; };
		54B7918F18C294ED00F865E4 /* VBMenuVocabCell.m in Sources */ = {isa = PBXBuildFile; fileRef = 54B7918E18C294ED00F865E4 /* VBMenuVocabCell.m */; };
		54DDF9EE18BA8CB80024633F /* VBCreateSetTVC.m in Sources */ = {isa = PBXBuildFile; fileRef = 54DDF9ED18BA8CB80024633F /* VBCreateSetTVC.m */; };
		54DDF9F118BAA79C0024633F /* VBWordTrainerVC.m in Sources */ = {isa = PBXBuildFile; fileRef = 54DDF9F018BAA79C0024633F /* VBWordTrainerVC.m */; };
		54E1309318BA6E5D00C69E8A /* VBSetMenuTVC.m in Sources */ = {isa = PBXBuildFile; fileRef = 54E1309218BA6E5D00C69E8A /* VBSetMenuTVC.m */; };
		54E8759E18DB55C000CED41A /* VBWordQuizVC.m in Sources */ = {isa = PBXBuildFile; fileRef = 54E8759D18DB55C000CED41A /* VBWordQuizVC.m */; };
		54E875A118DB67DB00CED41A /* VBMenuEmptyCell.m in Sources */ = {isa = PBXBuildFile; fileRef = 54E875A018DB67DB00CED41A /* VBMenuEmptyCell.m */; };
		54E875A418DB773200CED41A /* VBCreateSetAddLanguageVC.m in Sources */ = {isa = PBXBuildFile; fileRef = 54E875A318DB773200CED41A /* VBCreateSetAddLanguageVC.m */; };
		BB44FE4A2AC0113C00510833 /* LaunchScreen.storyboard in Resources */ = {isa = PBXBuildFile; fileRef = BB44FE492AC0113C00510833 /* LaunchScreen.storyboard */; };
		BB44FE4E2AC011D300510833 /* VocabBookApp.swift in Sources */ = {isa = PBXBuildFile; fileRef = BB44FE4D2AC011D300510833 /* VocabBookApp.swift */; };
		BB44FE522AC0192700510833 /* MainView.swift in Sources */ = {isa = PBXBuildFile; fileRef = BB44FE512AC0192700510833 /* MainView.swift */; };
		BB44FE562AC019A400510833 /* VocabSet.swift in Sources */ = {isa = PBXBuildFile; fileRef = BB44FE552AC019A400510833 /* VocabSet.swift */; };
		BB44FE582AC022DF00510833 /* VocabSetEditView.swift in Sources */ = {isa = PBXBuildFile; fileRef = BB44FE572AC022DF00510833 /* VocabSetEditView.swift */; };
		BB44FE5A2AC022F400510833 /* VocabSetView.swift in Sources */ = {isa = PBXBuildFile; fileRef = BB44FE592AC022F400510833 /* VocabSetView.swift */; };
		BB5289CF2AC169DB008968F8 /* VocabCard.swift in Sources */ = {isa = PBXBuildFile; fileRef = BB5289CE2AC169DB008968F8 /* VocabCard.swift */; };
		BB5289D12AC16A4A008968F8 /* CardEditView.swift in Sources */ = {isa = PBXBuildFile; fileRef = BB5289D02AC16A4A008968F8 /* CardEditView.swift */; };
		BB5D79402ACDA55B004FA0FB /* SettingsView.swift in Sources */ = {isa = PBXBuildFile; fileRef = BB5D793F2ACDA55B004FA0FB /* SettingsView.swift */; };
		BB5D79432ACDAFA4004FA0FB /* .swiftlint.yml in Resources */ = {isa = PBXBuildFile; fileRef = BB5D79422ACDAFA4004FA0FB /* .swiftlint.yml */; };
		BB5D79462ACDB0D9004FA0FB /* ImageButton.swift in Sources */ = {isa = PBXBuildFile; fileRef = BB5D79452ACDB0D9004FA0FB /* ImageButton.swift */; };
		BB5D79482ACDB101004FA0FB /* RoundedCorner.swift in Sources */ = {isa = PBXBuildFile; fileRef = BB5D79472ACDB101004FA0FB /* RoundedCorner.swift */; };
		BB5D79602ACDC3AE004FA0FB /* WordsModel.xcdatamodeld in Sources */ = {isa = PBXBuildFile; fileRef = BB5D79592ACDC3AE004FA0FB /* WordsModel.xcdatamodeld */; };
		BB70BCC12AC7338D007D732B /* LibreTranslate in Frameworks */ = {isa = PBXBuildFile; productRef = BB70BCC02AC7338D007D732B /* LibreTranslate */; };
		BB70BCC42AC7359C007D732B /* ITranslator.swift in Sources */ = {isa = PBXBuildFile; fileRef = BB70BCC32AC7359C007D732B /* ITranslator.swift */; };
		BB70BCC62AC735E5007D732B /* LibreTranslator.swift in Sources */ = {isa = PBXBuildFile; fileRef = BB70BCC52AC735E5007D732B /* LibreTranslator.swift */; };
		BB70BCC82AC735EB007D732B /* MockTranslator.swift in Sources */ = {isa = PBXBuildFile; fileRef = BB70BCC72AC735EB007D732B /* MockTranslator.swift */; };
		BB70BCCA2AC745FD007D732B /* PreviewContainer.swift in Sources */ = {isa = PBXBuildFile; fileRef = BB70BCC92AC745FD007D732B /* PreviewContainer.swift */; };
		BB8851812AC832A300492763 /* WidgetKit.framework in Frameworks */ = {isa = PBXBuildFile; fileRef = BB8851802AC832A300492763 /* WidgetKit.framework */; };
		BB8851832AC832A300492763 /* SwiftUI.framework in Frameworks */ = {isa = PBXBuildFile; fileRef = BB8851822AC832A300492763 /* SwiftUI.framework */; };
		BB8851862AC832A300492763 /* VocabBookWidgetBundle.swift in Sources */ = {isa = PBXBuildFile; fileRef = BB8851852AC832A300492763 /* VocabBookWidgetBundle.swift */; };
		BB8851882AC832A300492763 /* VocabBookWidgetLiveActivity.swift in Sources */ = {isa = PBXBuildFile; fileRef = BB8851872AC832A300492763 /* VocabBookWidgetLiveActivity.swift */; };
		BB88518A2AC832A300492763 /* VocabBookWidget.swift in Sources */ = {isa = PBXBuildFile; fileRef = BB8851892AC832A300492763 /* VocabBookWidget.swift */; };
		BB88518C2AC832A300492763 /* AppIntent.swift in Sources */ = {isa = PBXBuildFile; fileRef = BB88518B2AC832A300492763 /* AppIntent.swift */; };
		BB88518E2AC832A400492763 /* Assets.xcassets in Resources */ = {isa = PBXBuildFile; fileRef = BB88518D2AC832A400492763 /* Assets.xcassets */; };
		BB8851922AC832A400492763 /* VocabBookWidgetExtension.appex in Embed Foundation Extensions */ = {isa = PBXBuildFile; fileRef = BB88517F2AC832A300492763 /* VocabBookWidgetExtension.appex */; settings = {ATTRIBUTES = (RemoveHeadersOnCopy, ); }; };
		BB8851982AC83B8800492763 /* CardLevel.swift in Sources */ = {isa = PBXBuildFile; fileRef = BBD60A4E2AC17472006F396A /* CardLevel.swift */; };
		BBD293502ACB01B200A02C84 /* String+Extensions.swift in Sources */ = {isa = PBXBuildFile; fileRef = BBD2934F2ACB01B200A02C84 /* String+Extensions.swift */; };
		BBD60A4F2AC17472006F396A /* CardLevel.swift in Sources */ = {isa = PBXBuildFile; fileRef = BBD60A4E2AC17472006F396A /* CardLevel.swift */; };
		BBD60A512AC1877C006F396A /* VocabSetAddView.swift in Sources */ = {isa = PBXBuildFile; fileRef = BBD60A502AC1877C006F396A /* VocabSetAddView.swift */; };
		BBD60A532AC18DC9006F396A /* VocabLearnView.swift in Sources */ = {isa = PBXBuildFile; fileRef = BBD60A522AC18DC9006F396A /* VocabLearnView.swift */; };
/* End PBXBuildFile section */

/* Begin PBXContainerItemProxy section */
		5468EB5F18B8AEB700716507 /* PBXContainerItemProxy */ = {
			isa = PBXContainerItemProxy;
			containerPortal = 5468EB2B18B8AEB600716507 /* Project object */;
			proxyType = 1;
			remoteGlobalIDString = 5468EB3218B8AEB600716507;
			remoteInfo = MyWords;
		};
		BB8851902AC832A400492763 /* PBXContainerItemProxy */ = {
			isa = PBXContainerItemProxy;
			containerPortal = 5468EB2B18B8AEB600716507 /* Project object */;
			proxyType = 1;
			remoteGlobalIDString = BB88517E2AC832A300492763;
			remoteInfo = VocabBookWidgetExtension;
		};
/* End PBXContainerItemProxy section */

/* Begin PBXCopyFilesBuildPhase section */
		BB8851962AC832A400492763 /* Embed Foundation Extensions */ = {
			isa = PBXCopyFilesBuildPhase;
			buildActionMask = 2147483647;
			dstPath = "";
			dstSubfolderSpec = 13;
			files = (
				BB8851922AC832A400492763 /* VocabBookWidgetExtension.appex in Embed Foundation Extensions */,
			);
			name = "Embed Foundation Extensions";
			runOnlyForDeploymentPostprocessing = 0;
		};
/* End PBXCopyFilesBuildPhase section */

/* Begin PBXFileReference section */
		540D278D19473E34003B3BAA /* de */ = {isa = PBXFileReference; lastKnownFileType = text; name = de; path = de.lproj/appdescription.txt; sourceTree = "<group>"; };
		540D278F19473E39003B3BAA /* en */ = {isa = PBXFileReference; lastKnownFileType = text; name = en; path = en.lproj/appdescription.txt; sourceTree = "<group>"; };
		541E984B192F417F000020E6 /* VBHelpTVC.h */ = {isa = PBXFileReference; fileEncoding = 4; lastKnownFileType = sourcecode.c.h; path = VBHelpTVC.h; sourceTree = "<group>"; };
		541E984C192F417F000020E6 /* VBHelpTVC.m */ = {isa = PBXFileReference; fileEncoding = 4; lastKnownFileType = sourcecode.c.objc; path = VBHelpTVC.m; sourceTree = "<group>"; };
		541E984E192F419E000020E6 /* VBHelpPageVC.h */ = {isa = PBXFileReference; fileEncoding = 4; lastKnownFileType = sourcecode.c.h; path = VBHelpPageVC.h; sourceTree = "<group>"; };
		541E984F192F419E000020E6 /* VBHelpPageVC.m */ = {isa = PBXFileReference; fileEncoding = 4; lastKnownFileType = sourcecode.c.objc; path = VBHelpPageVC.m; sourceTree = "<group>"; };
		5420DC7418C39F3D006CE82F /* Base */ = {isa = PBXFileReference; lastKnownFileType = text.plist.strings; name = Base; path = Base.lproj/Localizable.strings; sourceTree = "<group>"; };
		5422F76F1930CB48006B9C76 /* CoreText.framework */ = {isa = PBXFileReference; lastKnownFileType = wrapper.framework; name = CoreText.framework; path = System/Library/Frameworks/CoreText.framework; sourceTree = SDKROOT; };
		5424172018DAF19300DB913A /* VBLookupSettings.h */ = {isa = PBXFileReference; fileEncoding = 4; lastKnownFileType = sourcecode.c.h; path = VBLookupSettings.h; sourceTree = "<group>"; };
		5424172118DAF19300DB913A /* VBLookupSettings.m */ = {isa = PBXFileReference; fileEncoding = 4; lastKnownFileType = sourcecode.c.objc; path = VBLookupSettings.m; sourceTree = "<group>"; };
		5424172318DAF43F00DB913A /* VBLookupAddURLVC.h */ = {isa = PBXFileReference; fileEncoding = 4; lastKnownFileType = sourcecode.c.h; path = VBLookupAddURLVC.h; sourceTree = "<group>"; };
		5424172418DAF43F00DB913A /* VBLookupAddURLVC.m */ = {isa = PBXFileReference; fileEncoding = 4; lastKnownFileType = sourcecode.c.objc; path = VBLookupAddURLVC.m; sourceTree = "<group>"; };
		5425CEFA18B907A300FCA274 /* VBMenuCVC.h */ = {isa = PBXFileReference; fileEncoding = 4; lastKnownFileType = sourcecode.c.h; path = VBMenuCVC.h; sourceTree = "<group>"; };
		5425CEFB18B907A300FCA274 /* VBMenuCVC.m */ = {isa = PBXFileReference; fileEncoding = 4; lastKnownFileType = sourcecode.c.objc; path = VBMenuCVC.m; sourceTree = "<group>"; };
		5425CEFD18B907EE00FCA274 /* VBWordBrowserTVC.h */ = {isa = PBXFileReference; fileEncoding = 4; lastKnownFileType = sourcecode.c.h; path = VBWordBrowserTVC.h; sourceTree = "<group>"; };
		5425CEFE18B907EE00FCA274 /* VBWordBrowserTVC.m */ = {isa = PBXFileReference; fileEncoding = 4; lastKnownFileType = sourcecode.c.objc; path = VBWordBrowserTVC.m; sourceTree = "<group>"; };
		5425CF0318B919B900FCA274 /* VBMenuWordSetCell.h */ = {isa = PBXFileReference; fileEncoding = 4; lastKnownFileType = sourcecode.c.h; path = VBMenuWordSetCell.h; sourceTree = "<group>"; };
		5425CF0418B919B900FCA274 /* VBMenuWordSetCell.m */ = {isa = PBXFileReference; fileEncoding = 4; lastKnownFileType = sourcecode.c.objc; path = VBMenuWordSetCell.m; sourceTree = "<group>"; };
		5433851D18BE58EE0084C143 /* WordsStatistcsCell.h */ = {isa = PBXFileReference; fileEncoding = 4; lastKnownFileType = sourcecode.c.h; path = WordsStatistcsCell.h; sourceTree = "<group>"; };
		5433851E18BE58EE0084C143 /* WordsStatistcsCell.m */ = {isa = PBXFileReference; fileEncoding = 4; lastKnownFileType = sourcecode.c.objc; path = WordsStatistcsCell.m; sourceTree = "<group>"; };
		543A0EAC190D38E90036280A /* Word.h */ = {isa = PBXFileReference; fileEncoding = 4; lastKnownFileType = sourcecode.c.h; path = Word.h; sourceTree = "<group>"; };
		543A0EAD190D38E90036280A /* Word.m */ = {isa = PBXFileReference; fileEncoding = 4; lastKnownFileType = sourcecode.c.objc; path = Word.m; sourceTree = "<group>"; };
		543A0EB2190D3CDB0036280A /* WordSet.h */ = {isa = PBXFileReference; fileEncoding = 4; lastKnownFileType = sourcecode.c.h; path = WordSet.h; sourceTree = "<group>"; };
		543A0EB3190D3CDB0036280A /* WordSet.m */ = {isa = PBXFileReference; fileEncoding = 4; lastKnownFileType = sourcecode.c.objc; path = WordSet.m; sourceTree = "<group>"; };
		5440FD2D18E1CEF6002B688F /* VBCreateSetNameCell.h */ = {isa = PBXFileReference; fileEncoding = 4; lastKnownFileType = sourcecode.c.h; path = VBCreateSetNameCell.h; sourceTree = "<group>"; };
		5440FD2E18E1CEF6002B688F /* VBCreateSetNameCell.m */ = {isa = PBXFileReference; fileEncoding = 4; lastKnownFileType = sourcecode.c.objc; path = VBCreateSetNameCell.m; sourceTree = "<group>"; };
		5440FD3018E1CF12002B688F /* VBCreateSetDescriptionCell.h */ = {isa = PBXFileReference; fileEncoding = 4; lastKnownFileType = sourcecode.c.h; path = VBCreateSetDescriptionCell.h; sourceTree = "<group>"; };
		5440FD3118E1CF12002B688F /* VBCreateSetDescriptionCell.m */ = {isa = PBXFileReference; fileEncoding = 4; lastKnownFileType = sourcecode.c.objc; path = VBCreateSetDescriptionCell.m; sourceTree = "<group>"; };
		5440FD3318E1CF28002B688F /* VBCreateSetFavouritesCell.h */ = {isa = PBXFileReference; fileEncoding = 4; lastKnownFileType = sourcecode.c.h; path = VBCreateSetFavouritesCell.h; sourceTree = "<group>"; };
		5440FD3418E1CF28002B688F /* VBCreateSetFavouritesCell.m */ = {isa = PBXFileReference; fileEncoding = 4; lastKnownFileType = sourcecode.c.objc; path = VBCreateSetFavouritesCell.m; sourceTree = "<group>"; };
		5440FD3618E1E6B0002B688F /* VBMenuFooterView.h */ = {isa = PBXFileReference; fileEncoding = 4; lastKnownFileType = sourcecode.c.h; path = VBMenuFooterView.h; sourceTree = "<group>"; };
		5440FD3718E1E6B0002B688F /* VBMenuFooterView.m */ = {isa = PBXFileReference; fileEncoding = 4; lastKnownFileType = sourcecode.c.objc; path = VBMenuFooterView.m; sourceTree = "<group>"; };
		544441AF18BB534D00992026 /* VBMenuHeaderView.h */ = {isa = PBXFileReference; fileEncoding = 4; lastKnownFileType = sourcecode.c.h; path = VBMenuHeaderView.h; sourceTree = "<group>"; };
		544441B018BB534D00992026 /* VBMenuHeaderView.m */ = {isa = PBXFileReference; fileEncoding = 4; lastKnownFileType = sourcecode.c.objc; path = VBMenuHeaderView.m; sourceTree = "<group>"; };
		544441B218BB581B00992026 /* VBSetBrowserTVC.h */ = {isa = PBXFileReference; fileEncoding = 4; lastKnownFileType = sourcecode.c.h; path = VBSetBrowserTVC.h; sourceTree = "<group>"; };
		544441B318BB581B00992026 /* VBSetBrowserTVC.m */ = {isa = PBXFileReference; fileEncoding = 4; lastKnownFileType = sourcecode.c.objc; path = VBSetBrowserTVC.m; sourceTree = "<group>"; };
		544441B518BB5C9A00992026 /* VBMenuNavigationCell.h */ = {isa = PBXFileReference; fileEncoding = 4; lastKnownFileType = sourcecode.c.h; path = VBMenuNavigationCell.h; sourceTree = "<group>"; };
		544441B618BB5C9A00992026 /* VBMenuNavigationCell.m */ = {isa = PBXFileReference; fileEncoding = 4; lastKnownFileType = sourcecode.c.objc; path = VBMenuNavigationCell.m; sourceTree = "<group>"; };
		5447463F18F803D8005D3E18 /* VBLookupURLHelper.h */ = {isa = PBXFileReference; fileEncoding = 4; lastKnownFileType = sourcecode.c.h; path = VBLookupURLHelper.h; sourceTree = "<group>"; };
		5447464018F803D8005D3E18 /* VBLookupURLHelper.m */ = {isa = PBXFileReference; fileEncoding = 4; lastKnownFileType = sourcecode.c.objc; path = VBLookupURLHelper.m; sourceTree = "<group>"; };
		544C667118D47FA60020C615 /* VBSettingsTVC.h */ = {isa = PBXFileReference; fileEncoding = 4; lastKnownFileType = sourcecode.c.h; path = VBSettingsTVC.h; sourceTree = "<group>"; };
		544C667218D47FA60020C615 /* VBSettingsTVC.m */ = {isa = PBXFileReference; fileEncoding = 4; lastKnownFileType = sourcecode.c.objc; path = VBSettingsTVC.m; sourceTree = "<group>"; };
		544C667418D492310020C615 /* VBChangeSetTVC.h */ = {isa = PBXFileReference; fileEncoding = 4; lastKnownFileType = sourcecode.c.h; path = VBChangeSetTVC.h; sourceTree = "<group>"; };
		544C667518D492310020C615 /* VBChangeSetTVC.m */ = {isa = PBXFileReference; fileEncoding = 4; lastKnownFileType = sourcecode.c.objc; path = VBChangeSetTVC.m; sourceTree = "<group>"; };
		5450D95618CF1E43001B4BCB /* VBHelper.h */ = {isa = PBXFileReference; fileEncoding = 4; lastKnownFileType = sourcecode.c.h; path = VBHelper.h; sourceTree = "<group>"; };
		5450D95718CF1E43001B4BCB /* VBHelper.m */ = {isa = PBXFileReference; fileEncoding = 4; lastKnownFileType = sourcecode.c.objc; path = VBHelper.m; sourceTree = "<group>"; };
		545624BF18BA08510017A257 /* VBWordLookupVC.h */ = {isa = PBXFileReference; fileEncoding = 4; lastKnownFileType = sourcecode.c.h; path = VBWordLookupVC.h; sourceTree = "<group>"; };
		545624C018BA08510017A257 /* VBWordLookupVC.m */ = {isa = PBXFileReference; fileEncoding = 4; lastKnownFileType = sourcecode.c.objc; path = VBWordLookupVC.m; sourceTree = "<group>"; };
		5458967F190A47100092937F /* VBImportExport.h */ = {isa = PBXFileReference; fileEncoding = 4; lastKnownFileType = sourcecode.c.h; path = VBImportExport.h; sourceTree = "<group>"; };
		54589680190A47100092937F /* VBImportExport.m */ = {isa = PBXFileReference; fileEncoding = 4; lastKnownFileType = sourcecode.c.objc; path = VBImportExport.m; sourceTree = "<group>"; };
		54589682190A4C7B0092937F /* VBImportFileTVC.h */ = {isa = PBXFileReference; fileEncoding = 4; lastKnownFileType = sourcecode.c.h; path = VBImportFileTVC.h; sourceTree = "<group>"; };
		54589683190A4C7B0092937F /* VBImportFileTVC.m */ = {isa = PBXFileReference; fileEncoding = 4; lastKnownFileType = sourcecode.c.objc; path = VBImportFileTVC.m; sourceTree = "<group>"; };
		545D370018E48F8200A8A94B /* VBSetBrowserBase.h */ = {isa = PBXFileReference; fileEncoding = 4; lastKnownFileType = sourcecode.c.h; path = VBSetBrowserBase.h; sourceTree = "<group>"; };
		545D370118E48F8200A8A94B /* VBSetBrowserBase.m */ = {isa = PBXFileReference; fileEncoding = 4; lastKnownFileType = sourcecode.c.objc; path = VBSetBrowserBase.m; sourceTree = "<group>"; };
		5465111D18EE9829009CB416 /* VBWordQuizView.h */ = {isa = PBXFileReference; fileEncoding = 4; lastKnownFileType = sourcecode.c.h; path = VBWordQuizView.h; sourceTree = "<group>"; };
		5465111E18EE9829009CB416 /* VBWordQuizView.m */ = {isa = PBXFileReference; fileEncoding = 4; lastKnownFileType = sourcecode.c.objc; path = VBWordQuizView.m; sourceTree = "<group>"; };
		5465112018EE9F29009CB416 /* VBWordTrainerView.h */ = {isa = PBXFileReference; fileEncoding = 4; lastKnownFileType = sourcecode.c.h; path = VBWordTrainerView.h; sourceTree = "<group>"; };
		5465112118EE9F29009CB416 /* VBWordTrainerView.m */ = {isa = PBXFileReference; fileEncoding = 4; lastKnownFileType = sourcecode.c.objc; path = VBWordTrainerView.m; sourceTree = "<group>"; };
		546795D5193E1BDB003FB111 /* de */ = {isa = PBXFileReference; fileEncoding = 4; lastKnownFileType = text.plist.strings; name = de; path = de.lproj/Main_iPad.strings; sourceTree = "<group>"; };
		546795D9193E1C24003FB111 /* de */ = {isa = PBXFileReference; lastKnownFileType = text.plist.strings; name = de; path = de.lproj/Localizable.strings; sourceTree = "<group>"; };
		5468EB3318B8AEB600716507 /* Vocab Book.app */ = {isa = PBXFileReference; explicitFileType = wrapper.application; includeInIndex = 0; path = "Vocab Book.app"; sourceTree = BUILT_PRODUCTS_DIR; };
		5468EB3618B8AEB600716507 /* Foundation.framework */ = {isa = PBXFileReference; lastKnownFileType = wrapper.framework; name = Foundation.framework; path = System/Library/Frameworks/Foundation.framework; sourceTree = SDKROOT; };
		5468EB3818B8AEB600716507 /* CoreGraphics.framework */ = {isa = PBXFileReference; lastKnownFileType = wrapper.framework; name = CoreGraphics.framework; path = System/Library/Frameworks/CoreGraphics.framework; sourceTree = SDKROOT; };
		5468EB3A18B8AEB600716507 /* UIKit.framework */ = {isa = PBXFileReference; lastKnownFileType = wrapper.framework; name = UIKit.framework; path = System/Library/Frameworks/UIKit.framework; sourceTree = SDKROOT; };
		5468EB3E18B8AEB600716507 /* Vocab Book-Info.plist */ = {isa = PBXFileReference; lastKnownFileType = text.plist.xml; path = "Vocab Book-Info.plist"; sourceTree = "<group>"; };
		5468EB4018B8AEB600716507 /* en */ = {isa = PBXFileReference; lastKnownFileType = text.plist.strings; name = en; path = en.lproj/InfoPlist.strings; sourceTree = "<group>"; };
		5468EB4418B8AEB600716507 /* Vocab Book-Prefix.pch */ = {isa = PBXFileReference; lastKnownFileType = sourcecode.c.h; path = "Vocab Book-Prefix.pch"; sourceTree = "<group>"; };
		5468EB4518B8AEB600716507 /* VBAppDelegate.h */ = {isa = PBXFileReference; lastKnownFileType = sourcecode.c.h; path = VBAppDelegate.h; sourceTree = "<group>"; };
		5468EB4618B8AEB600716507 /* VBAppDelegate.m */ = {isa = PBXFileReference; lastKnownFileType = sourcecode.c.objc; path = VBAppDelegate.m; sourceTree = "<group>"; };
		5468EB4918B8AEB600716507 /* Base */ = {isa = PBXFileReference; lastKnownFileType = file.storyboard; name = Base; path = Base.lproj/Main_iPhone.storyboard; sourceTree = "<group>"; };
		5468EB4C18B8AEB700716507 /* Base */ = {isa = PBXFileReference; lastKnownFileType = file.storyboard; name = Base; path = Base.lproj/Main_iPad.storyboard; sourceTree = "<group>"; };
		5468EB5118B8AEB700716507 /* VBWordInspectorVC.h */ = {isa = PBXFileReference; lastKnownFileType = sourcecode.c.h; path = VBWordInspectorVC.h; sourceTree = "<group>"; };
		5468EB5218B8AEB700716507 /* VBWordInspectorVC.m */ = {isa = PBXFileReference; lastKnownFileType = sourcecode.c.objc; path = VBWordInspectorVC.m; sourceTree = "<group>"; };
		5468EB5418B8AEB700716507 /* Images.xcassets */ = {isa = PBXFileReference; lastKnownFileType = folder.assetcatalog; path = Images.xcassets; sourceTree = "<group>"; };
		5468EB5A18B8AEB700716507 /* Vocab BookTests.xctest */ = {isa = PBXFileReference; explicitFileType = wrapper.cfbundle; includeInIndex = 0; path = "Vocab BookTests.xctest"; sourceTree = BUILT_PRODUCTS_DIR; };
		5468EB5B18B8AEB700716507 /* XCTest.framework */ = {isa = PBXFileReference; lastKnownFileType = wrapper.framework; name = XCTest.framework; path = Library/Frameworks/XCTest.framework; sourceTree = DEVELOPER_DIR; };
		546FA3A818E2E38B00F0CBAC /* VBPremiumTVC.h */ = {isa = PBXFileReference; fileEncoding = 4; lastKnownFileType = sourcecode.c.h; path = VBPremiumTVC.h; sourceTree = "<group>"; };
		546FA3A918E2E38B00F0CBAC /* VBPremiumTVC.m */ = {isa = PBXFileReference; fileEncoding = 4; lastKnownFileType = sourcecode.c.objc; path = VBPremiumTVC.m; sourceTree = "<group>"; };
		5471593D192DE904002C9E24 /* Word+DocumentOperations.h */ = {isa = PBXFileReference; fileEncoding = 4; lastKnownFileType = sourcecode.c.h; path = "Word+DocumentOperations.h"; sourceTree = "<group>"; };
		5471593E192DE904002C9E24 /* Word+DocumentOperations.m */ = {isa = PBXFileReference; fileEncoding = 4; lastKnownFileType = sourcecode.c.objc; path = "Word+DocumentOperations.m"; sourceTree = "<group>"; };
		54715940192DE912002C9E24 /* WordSet+DocumentOperations.h */ = {isa = PBXFileReference; fileEncoding = 4; lastKnownFileType = sourcecode.c.h; path = "WordSet+DocumentOperations.h"; sourceTree = "<group>"; };
		54715941192DE912002C9E24 /* WordSet+DocumentOperations.m */ = {isa = PBXFileReference; fileEncoding = 4; lastKnownFileType = sourcecode.c.objc; path = "WordSet+DocumentOperations.m"; sourceTree = "<group>"; };
		5496FE4E18CC946000E58378 /* VBWordView.h */ = {isa = PBXFileReference; fileEncoding = 4; lastKnownFileType = sourcecode.c.h; path = VBWordView.h; sourceTree = "<group>"; };
		5496FE4F18CC946000E58378 /* VBWordView.m */ = {isa = PBXFileReference; fileEncoding = 4; lastKnownFileType = sourcecode.c.objc; path = VBWordView.m; sourceTree = "<group>"; };
		54AE86CD18E34E3F00A3860F /* VBDocumentManager.h */ = {isa = PBXFileReference; fileEncoding = 4; lastKnownFileType = sourcecode.c.h; path = VBDocumentManager.h; sourceTree = "<group>"; };
		54AE86CE18E34E3F00A3860F /* VBDocumentManager.m */ = {isa = PBXFileReference; fileEncoding = 4; lastKnownFileType = sourcecode.c.objc; path = VBDocumentManager.m; sourceTree = "<group>"; };
		54B19D61194A0796003B0888 /* Vocab Book.entitlements */ = {isa = PBXFileReference; lastKnownFileType = text.plist.entitlements; path = "Vocab Book.entitlements"; sourceTree = "<group>"; };
		54B19D62194A07A1003B0888 /* StoreKit.framework */ = {isa = PBXFileReference; lastKnownFileType = wrapper.framework; name = StoreKit.framework; path = System/Library/Frameworks/StoreKit.framework; sourceTree = SDKROOT; };
		54B7918D18C294ED00F865E4 /* VBMenuVocabCell.h */ = {isa = PBXFileReference; fileEncoding = 4; lastKnownFileType = sourcecode.c.h; path = VBMenuVocabCell.h; sourceTree = "<group>"; };
		54B7918E18C294ED00F865E4 /* VBMenuVocabCell.m */ = {isa = PBXFileReference; fileEncoding = 4; lastKnownFileType = sourcecode.c.objc; path = VBMenuVocabCell.m; sourceTree = "<group>"; };
		54C8818119479406007597D2 /* index.html */ = {isa = PBXFileReference; fileEncoding = 4; lastKnownFileType = text.html; name = index.html; path = "html/support page/index.html"; sourceTree = "<group>"; };
		54DDF9EC18BA8CB80024633F /* VBCreateSetTVC.h */ = {isa = PBXFileReference; fileEncoding = 4; lastKnownFileType = sourcecode.c.h; path = VBCreateSetTVC.h; sourceTree = "<group>"; };
		54DDF9ED18BA8CB80024633F /* VBCreateSetTVC.m */ = {isa = PBXFileReference; fileEncoding = 4; lastKnownFileType = sourcecode.c.objc; path = VBCreateSetTVC.m; sourceTree = "<group>"; };
		54DDF9EF18BAA79C0024633F /* VBWordTrainerVC.h */ = {isa = PBXFileReference; fileEncoding = 4; lastKnownFileType = sourcecode.c.h; path = VBWordTrainerVC.h; sourceTree = "<group>"; };
		54DDF9F018BAA79C0024633F /* VBWordTrainerVC.m */ = {isa = PBXFileReference; fileEncoding = 4; lastKnownFileType = sourcecode.c.objc; path = VBWordTrainerVC.m; sourceTree = "<group>"; };
		54E1309118BA6E5D00C69E8A /* VBSetMenuTVC.h */ = {isa = PBXFileReference; fileEncoding = 4; lastKnownFileType = sourcecode.c.h; path = VBSetMenuTVC.h; sourceTree = "<group>"; };
		54E1309218BA6E5D00C69E8A /* VBSetMenuTVC.m */ = {isa = PBXFileReference; fileEncoding = 4; lastKnownFileType = sourcecode.c.objc; path = VBSetMenuTVC.m; sourceTree = "<group>"; };
		54E8759C18DB55C000CED41A /* VBWordQuizVC.h */ = {isa = PBXFileReference; fileEncoding = 4; lastKnownFileType = sourcecode.c.h; path = VBWordQuizVC.h; sourceTree = "<group>"; };
		54E8759D18DB55C000CED41A /* VBWordQuizVC.m */ = {isa = PBXFileReference; fileEncoding = 4; lastKnownFileType = sourcecode.c.objc; path = VBWordQuizVC.m; sourceTree = "<group>"; };
		54E8759F18DB67DB00CED41A /* VBMenuEmptyCell.h */ = {isa = PBXFileReference; fileEncoding = 4; lastKnownFileType = sourcecode.c.h; path = VBMenuEmptyCell.h; sourceTree = "<group>"; };
		54E875A018DB67DB00CED41A /* VBMenuEmptyCell.m */ = {isa = PBXFileReference; fileEncoding = 4; lastKnownFileType = sourcecode.c.objc; path = VBMenuEmptyCell.m; sourceTree = "<group>"; };
		54E875A218DB773200CED41A /* VBCreateSetAddLanguageVC.h */ = {isa = PBXFileReference; fileEncoding = 4; lastKnownFileType = sourcecode.c.h; path = VBCreateSetAddLanguageVC.h; sourceTree = "<group>"; };
		54E875A318DB773200CED41A /* VBCreateSetAddLanguageVC.m */ = {isa = PBXFileReference; fileEncoding = 4; lastKnownFileType = sourcecode.c.objc; path = VBCreateSetAddLanguageVC.m; sourceTree = "<group>"; };
		BB44FE492AC0113C00510833 /* LaunchScreen.storyboard */ = {isa = PBXFileReference; lastKnownFileType = file.storyboard; path = LaunchScreen.storyboard; sourceTree = "<group>"; };
		BB44FE4C2AC011D300510833 /* Vocab Book-Bridging-Header.h */ = {isa = PBXFileReference; lastKnownFileType = sourcecode.c.h; path = "Vocab Book-Bridging-Header.h"; sourceTree = "<group>"; };
		BB44FE4D2AC011D300510833 /* VocabBookApp.swift */ = {isa = PBXFileReference; lastKnownFileType = sourcecode.swift; path = VocabBookApp.swift; sourceTree = "<group>"; };
		BB44FE512AC0192700510833 /* MainView.swift */ = {isa = PBXFileReference; lastKnownFileType = sourcecode.swift; path = MainView.swift; sourceTree = "<group>"; };
		BB44FE552AC019A400510833 /* VocabSet.swift */ = {isa = PBXFileReference; lastKnownFileType = sourcecode.swift; path = VocabSet.swift; sourceTree = "<group>"; };
		BB44FE572AC022DF00510833 /* VocabSetEditView.swift */ = {isa = PBXFileReference; lastKnownFileType = sourcecode.swift; path = VocabSetEditView.swift; sourceTree = "<group>"; };
		BB44FE592AC022F400510833 /* VocabSetView.swift */ = {isa = PBXFileReference; lastKnownFileType = sourcecode.swift; path = VocabSetView.swift; sourceTree = "<group>"; };
		BB5289CE2AC169DB008968F8 /* VocabCard.swift */ = {isa = PBXFileReference; lastKnownFileType = sourcecode.swift; path = VocabCard.swift; sourceTree = "<group>"; };
		BB5289D02AC16A4A008968F8 /* CardEditView.swift */ = {isa = PBXFileReference; lastKnownFileType = sourcecode.swift; path = CardEditView.swift; sourceTree = "<group>"; };
		BB5D793F2ACDA55B004FA0FB /* SettingsView.swift */ = {isa = PBXFileReference; lastKnownFileType = sourcecode.swift; path = SettingsView.swift; sourceTree = "<group>"; };
		BB5D79422ACDAFA4004FA0FB /* .swiftlint.yml */ = {isa = PBXFileReference; lastKnownFileType = text.yaml; path = .swiftlint.yml; sourceTree = "<group>"; };
		BB5D79452ACDB0D9004FA0FB /* ImageButton.swift */ = {isa = PBXFileReference; lastKnownFileType = sourcecode.swift; path = ImageButton.swift; sourceTree = "<group>"; };
		BB5D79472ACDB101004FA0FB /* RoundedCorner.swift */ = {isa = PBXFileReference; lastKnownFileType = sourcecode.swift; path = RoundedCorner.swift; sourceTree = "<group>"; };
		BB5D795A2ACDC3AE004FA0FB /* WordsModel 2.xcdatamodel */ = {isa = PBXFileReference; lastKnownFileType = wrapper.xcdatamodel; path = "WordsModel 2.xcdatamodel"; sourceTree = "<group>"; };
		BB5D795B2ACDC3AE004FA0FB /* WordsModel 4.xcdatamodel */ = {isa = PBXFileReference; lastKnownFileType = wrapper.xcdatamodel; path = "WordsModel 4.xcdatamodel"; sourceTree = "<group>"; };
		BB5D795C2ACDC3AE004FA0FB /* WordsModel 6.xcdatamodel */ = {isa = PBXFileReference; lastKnownFileType = wrapper.xcdatamodel; path = "WordsModel 6.xcdatamodel"; sourceTree = "<group>"; };
		BB5D795D2ACDC3AE004FA0FB /* WordsModel 3.xcdatamodel */ = {isa = PBXFileReference; lastKnownFileType = wrapper.xcdatamodel; path = "WordsModel 3.xcdatamodel"; sourceTree = "<group>"; };
		BB5D795E2ACDC3AE004FA0FB /* WordsModel 5.xcdatamodel */ = {isa = PBXFileReference; lastKnownFileType = wrapper.xcdatamodel; path = "WordsModel 5.xcdatamodel"; sourceTree = "<group>"; };
		BB5D795F2ACDC3AE004FA0FB /* WordsModel.xcdatamodel */ = {isa = PBXFileReference; lastKnownFileType = wrapper.xcdatamodel; path = WordsModel.xcdatamodel; sourceTree = "<group>"; };
		BB70BCC32AC7359C007D732B /* ITranslator.swift */ = {isa = PBXFileReference; lastKnownFileType = sourcecode.swift; path = ITranslator.swift; sourceTree = "<group>"; };
		BB70BCC52AC735E5007D732B /* LibreTranslator.swift */ = {isa = PBXFileReference; lastKnownFileType = sourcecode.swift; path = LibreTranslator.swift; sourceTree = "<group>"; };
		BB70BCC72AC735EB007D732B /* MockTranslator.swift */ = {isa = PBXFileReference; lastKnownFileType = sourcecode.swift; path = MockTranslator.swift; sourceTree = "<group>"; };
		BB70BCC92AC745FD007D732B /* PreviewContainer.swift */ = {isa = PBXFileReference; lastKnownFileType = sourcecode.swift; path = PreviewContainer.swift; sourceTree = "<group>"; };
		BB88517F2AC832A300492763 /* VocabBookWidgetExtension.appex */ = {isa = PBXFileReference; explicitFileType = "wrapper.app-extension"; includeInIndex = 0; path = VocabBookWidgetExtension.appex; sourceTree = BUILT_PRODUCTS_DIR; };
		BB8851802AC832A300492763 /* WidgetKit.framework */ = {isa = PBXFileReference; lastKnownFileType = wrapper.framework; name = WidgetKit.framework; path = System/Library/Frameworks/WidgetKit.framework; sourceTree = SDKROOT; };
		BB8851822AC832A300492763 /* SwiftUI.framework */ = {isa = PBXFileReference; lastKnownFileType = wrapper.framework; name = SwiftUI.framework; path = System/Library/Frameworks/SwiftUI.framework; sourceTree = SDKROOT; };
		BB8851852AC832A300492763 /* VocabBookWidgetBundle.swift */ = {isa = PBXFileReference; lastKnownFileType = sourcecode.swift; path = VocabBookWidgetBundle.swift; sourceTree = "<group>"; };
		BB8851872AC832A300492763 /* VocabBookWidgetLiveActivity.swift */ = {isa = PBXFileReference; lastKnownFileType = sourcecode.swift; path = VocabBookWidgetLiveActivity.swift; sourceTree = "<group>"; };
		BB8851892AC832A300492763 /* VocabBookWidget.swift */ = {isa = PBXFileReference; lastKnownFileType = sourcecode.swift; path = VocabBookWidget.swift; sourceTree = "<group>"; };
		BB88518B2AC832A300492763 /* AppIntent.swift */ = {isa = PBXFileReference; lastKnownFileType = sourcecode.swift; path = AppIntent.swift; sourceTree = "<group>"; };
		BB88518D2AC832A400492763 /* Assets.xcassets */ = {isa = PBXFileReference; lastKnownFileType = folder.assetcatalog; path = Assets.xcassets; sourceTree = "<group>"; };
		BB88518F2AC832A400492763 /* Info.plist */ = {isa = PBXFileReference; lastKnownFileType = text.plist.xml; path = Info.plist; sourceTree = "<group>"; };
		BBD2934F2ACB01B200A02C84 /* String+Extensions.swift */ = {isa = PBXFileReference; lastKnownFileType = sourcecode.swift; path = "String+Extensions.swift"; sourceTree = "<group>"; };
		BBD60A4E2AC17472006F396A /* CardLevel.swift */ = {isa = PBXFileReference; lastKnownFileType = sourcecode.swift; path = CardLevel.swift; sourceTree = "<group>"; };
		BBD60A502AC1877C006F396A /* VocabSetAddView.swift */ = {isa = PBXFileReference; lastKnownFileType = sourcecode.swift; path = VocabSetAddView.swift; sourceTree = "<group>"; };
		BBD60A522AC18DC9006F396A /* VocabLearnView.swift */ = {isa = PBXFileReference; lastKnownFileType = sourcecode.swift; path = VocabLearnView.swift; sourceTree = "<group>"; };
/* End PBXFileReference section */

/* Begin PBXFrameworksBuildPhase section */
		5468EB3018B8AEB600716507 /* Frameworks */ = {
			isa = PBXFrameworksBuildPhase;
			buildActionMask = 2147483647;
			files = (
				5468EB3918B8AEB600716507 /* CoreGraphics.framework in Frameworks */,
				5468EB3B18B8AEB600716507 /* UIKit.framework in Frameworks */,
				BB70BCC12AC7338D007D732B /* LibreTranslate in Frameworks */,
				5468EB3718B8AEB600716507 /* Foundation.framework in Frameworks */,
				54B19D63194A07A1003B0888 /* StoreKit.framework in Frameworks */,
			);
			runOnlyForDeploymentPostprocessing = 0;
		};
		5468EB5718B8AEB700716507 /* Frameworks */ = {
			isa = PBXFrameworksBuildPhase;
			buildActionMask = 2147483647;
			files = (
				5468EB5C18B8AEB700716507 /* XCTest.framework in Frameworks */,
				5468EB5E18B8AEB700716507 /* UIKit.framework in Frameworks */,
				5468EB5D18B8AEB700716507 /* Foundation.framework in Frameworks */,
			);
			runOnlyForDeploymentPostprocessing = 0;
		};
		BB88517C2AC832A300492763 /* Frameworks */ = {
			isa = PBXFrameworksBuildPhase;
			buildActionMask = 2147483647;
			files = (
				BB8851832AC832A300492763 /* SwiftUI.framework in Frameworks */,
				BB8851812AC832A300492763 /* WidgetKit.framework in Frameworks */,
			);
			runOnlyForDeploymentPostprocessing = 0;
		};
/* End PBXFrameworksBuildPhase section */

/* Begin PBXGroup section */
		5468EB2A18B8AEB600716507 = {
			isa = PBXGroup;
			children = (
				BB5D79422ACDAFA4004FA0FB /* .swiftlint.yml */,
				BB5D79522ACDC259004FA0FB /* VocabBook */,
				5468EB3C18B8AEB600716507 /* VocabBook */,
				54A73E1918EB03AF00A5D136 /* html */,
				BB8851842AC832A300492763 /* VocabBookWidget */,
				5468EB3518B8AEB600716507 /* Frameworks */,
				5468EB3418B8AEB600716507 /* Products */,
			);
			sourceTree = "<group>";
		};
		5468EB3418B8AEB600716507 /* Products */ = {
			isa = PBXGroup;
			children = (
				5468EB3318B8AEB600716507 /* Vocab Book.app */,
				5468EB5A18B8AEB700716507 /* Vocab BookTests.xctest */,
				BB88517F2AC832A300492763 /* VocabBookWidgetExtension.appex */,
			);
			name = Products;
			sourceTree = "<group>";
		};
		5468EB3518B8AEB600716507 /* Frameworks */ = {
			isa = PBXGroup;
			children = (
				54B19D62194A07A1003B0888 /* StoreKit.framework */,
				5422F76F1930CB48006B9C76 /* CoreText.framework */,
				5468EB3618B8AEB600716507 /* Foundation.framework */,
				5468EB3818B8AEB600716507 /* CoreGraphics.framework */,
				5468EB3A18B8AEB600716507 /* UIKit.framework */,
				5468EB5B18B8AEB700716507 /* XCTest.framework */,
				BB8851802AC832A300492763 /* WidgetKit.framework */,
				BB8851822AC832A300492763 /* SwiftUI.framework */,
			);
			name = Frameworks;
			sourceTree = "<group>";
		};
		5468EB3C18B8AEB600716507 /* VocabBook */ = {
			isa = PBXGroup;
			children = (
				BBD60A562AC2C4C5006F396A /* Resources */,
			);
			name = VocabBook;
			path = MyWords;
			sourceTree = "<group>";
		};
		54A73E1918EB03AF00A5D136 /* html */ = {
			isa = PBXGroup;
			children = (
				54C881831947940B007597D2 /* support page */,
			);
			name = html;
			sourceTree = "<group>";
		};
		54C881831947940B007597D2 /* support page */ = {
			isa = PBXGroup;
			children = (
				54C8818119479406007597D2 /* index.html */,
			);
			name = "support page";
			sourceTree = "<group>";
		};
		BB5D79522ACDC259004FA0FB /* VocabBook */ = {
			isa = PBXGroup;
			children = (
				BB5D79762ACDC716004FA0FB /* Settings */,
				BB5D79752ACDC709004FA0FB /* VocabCard */,
				BB5D79742ACDC700004FA0FB /* VocabSet */,
				BB5D79732ACDC6F6004FA0FB /* Main */,
				BB5D79722ACDC6E5004FA0FB /* Model */,
				BB5D796B2ACDC670004FA0FB /* Core */,
				BB5D79702ACDC6C7004FA0FB /* Services */,
				BB5D796C2ACDC692004FA0FB /* Shared */,
				BB5D79532ACDC273004FA0FB /* Legacy */,
			);
			path = VocabBook;
			sourceTree = "<group>";
		};
		BB5D79532ACDC273004FA0FB /* Legacy */ = {
			isa = PBXGroup;
			children = (
				BB5D79582ACDC319004FA0FB /* ViewControllers */,
				BB5D79572ACDC316004FA0FB /* Data */,
				BB5D79552ACDC2F2004FA0FB /* Resources */,
				BB5D79542ACDC2B3004FA0FB /* Classes */,
				5468EB4418B8AEB600716507 /* Vocab Book-Prefix.pch */,
			);
			path = Legacy;
			sourceTree = "<group>";
		};
		BB5D79542ACDC2B3004FA0FB /* Classes */ = {
			isa = PBXGroup;
			children = (
				5468EB4518B8AEB600716507 /* VBAppDelegate.h */,
				5468EB4618B8AEB600716507 /* VBAppDelegate.m */,
				5450D95618CF1E43001B4BCB /* VBHelper.h */,
				5450D95718CF1E43001B4BCB /* VBHelper.m */,
				54AE86CD18E34E3F00A3860F /* VBDocumentManager.h */,
				54AE86CE18E34E3F00A3860F /* VBDocumentManager.m */,
				5447463F18F803D8005D3E18 /* VBLookupURLHelper.h */,
				5447464018F803D8005D3E18 /* VBLookupURLHelper.m */,
				5458967F190A47100092937F /* VBImportExport.h */,
				54589680190A47100092937F /* VBImportExport.m */,
			);
			path = Classes;
			sourceTree = "<group>";
		};
		BB5D79552ACDC2F2004FA0FB /* Resources */ = {
			isa = PBXGroup;
			children = (
				BB5D79562ACDC2F8004FA0FB /* Storyboard */,
			);
			path = Resources;
			sourceTree = "<group>";
		};
		BB5D79562ACDC2F8004FA0FB /* Storyboard */ = {
			isa = PBXGroup;
			children = (
				5468EB4818B8AEB600716507 /* Main_iPhone.storyboard */,
				5468EB4B18B8AEB700716507 /* Main_iPad.storyboard */,
			);
			path = Storyboard;
			sourceTree = "<group>";
		};
		BB5D79572ACDC316004FA0FB /* Data */ = {
			isa = PBXGroup;
			children = (
				543A0EB2190D3CDB0036280A /* WordSet.h */,
				543A0EB3190D3CDB0036280A /* WordSet.m */,
				543A0EAC190D38E90036280A /* Word.h */,
				543A0EAD190D38E90036280A /* Word.m */,
				5471593D192DE904002C9E24 /* Word+DocumentOperations.h */,
				5471593E192DE904002C9E24 /* Word+DocumentOperations.m */,
				54715940192DE912002C9E24 /* WordSet+DocumentOperations.h */,
				54715941192DE912002C9E24 /* WordSet+DocumentOperations.m */,
				BB5D79592ACDC3AE004FA0FB /* WordsModel.xcdatamodeld */,
			);
			path = Data;
			sourceTree = "<group>";
		};
		BB5D79582ACDC319004FA0FB /* ViewControllers */ = {
			isa = PBXGroup;
			children = (
				BB5D796A2ACDC5FB004FA0FB /* WordBrowser */,
				BB5D79692ACDC5F1004FA0FB /* WordLookup */,
				BB5D79682ACDC5D5004FA0FB /* WordInspector */,
				BB5D79672ACDC5CC004FA0FB /* LearnWords */,
				BB5D79662ACDC5C0004FA0FB /* SetMenu */,
				BB5D79652ACDC5B3004FA0FB /* SetBrowser */,
				BB5D79642ACDC5A4004FA0FB /* CreateSet */,
				BB5D79632ACDC594004FA0FB /* MenuCollectionView */,
				BB5D79622ACDC584004FA0FB /* Help */,
				BB5D79612ACDC577004FA0FB /* Settings */,
			);
			path = ViewControllers;
			sourceTree = "<group>";
		};
		BB5D79612ACDC577004FA0FB /* Settings */ = {
			isa = PBXGroup;
			children = (
				544C667118D47FA60020C615 /* VBSettingsTVC.h */,
				544C667218D47FA60020C615 /* VBSettingsTVC.m */,
				54589682190A4C7B0092937F /* VBImportFileTVC.h */,
				54589683190A4C7B0092937F /* VBImportFileTVC.m */,
				546FA3A818E2E38B00F0CBAC /* VBPremiumTVC.h */,
				546FA3A918E2E38B00F0CBAC /* VBPremiumTVC.m */,
			);
			path = Settings;
			sourceTree = "<group>";
		};
		BB5D79622ACDC584004FA0FB /* Help */ = {
			isa = PBXGroup;
			children = (
				541E984B192F417F000020E6 /* VBHelpTVC.h */,
				541E984C192F417F000020E6 /* VBHelpTVC.m */,
				541E984E192F419E000020E6 /* VBHelpPageVC.h */,
				541E984F192F419E000020E6 /* VBHelpPageVC.m */,
			);
			path = Help;
			sourceTree = "<group>";
		};
		BB5D79632ACDC594004FA0FB /* MenuCollectionView */ = {
			isa = PBXGroup;
			children = (
				5425CEFA18B907A300FCA274 /* VBMenuCVC.h */,
				5425CEFB18B907A300FCA274 /* VBMenuCVC.m */,
				544441B518BB5C9A00992026 /* VBMenuNavigationCell.h */,
				544441B618BB5C9A00992026 /* VBMenuNavigationCell.m */,
				5425CF0318B919B900FCA274 /* VBMenuWordSetCell.h */,
				5425CF0418B919B900FCA274 /* VBMenuWordSetCell.m */,
				544441AF18BB534D00992026 /* VBMenuHeaderView.h */,
				544441B018BB534D00992026 /* VBMenuHeaderView.m */,
				5440FD3618E1E6B0002B688F /* VBMenuFooterView.h */,
				5440FD3718E1E6B0002B688F /* VBMenuFooterView.m */,
				54B7918D18C294ED00F865E4 /* VBMenuVocabCell.h */,
				54B7918E18C294ED00F865E4 /* VBMenuVocabCell.m */,
				54E8759F18DB67DB00CED41A /* VBMenuEmptyCell.h */,
				54E875A018DB67DB00CED41A /* VBMenuEmptyCell.m */,
			);
			path = MenuCollectionView;
			sourceTree = "<group>";
		};
		BB5D79642ACDC5A4004FA0FB /* CreateSet */ = {
			isa = PBXGroup;
			children = (
				54DDF9EC18BA8CB80024633F /* VBCreateSetTVC.h */,
				54DDF9ED18BA8CB80024633F /* VBCreateSetTVC.m */,
				54E875A218DB773200CED41A /* VBCreateSetAddLanguageVC.h */,
				54E875A318DB773200CED41A /* VBCreateSetAddLanguageVC.m */,
				5440FD2D18E1CEF6002B688F /* VBCreateSetNameCell.h */,
				5440FD2E18E1CEF6002B688F /* VBCreateSetNameCell.m */,
				5440FD3018E1CF12002B688F /* VBCreateSetDescriptionCell.h */,
				5440FD3118E1CF12002B688F /* VBCreateSetDescriptionCell.m */,
				5440FD3318E1CF28002B688F /* VBCreateSetFavouritesCell.h */,
				5440FD3418E1CF28002B688F /* VBCreateSetFavouritesCell.m */,
			);
			path = CreateSet;
			sourceTree = "<group>";
		};
		BB5D79652ACDC5B3004FA0FB /* SetBrowser */ = {
			isa = PBXGroup;
			children = (
				545D370018E48F8200A8A94B /* VBSetBrowserBase.h */,
				545D370118E48F8200A8A94B /* VBSetBrowserBase.m */,
				544C667418D492310020C615 /* VBChangeSetTVC.h */,
				544C667518D492310020C615 /* VBChangeSetTVC.m */,
				544441B218BB581B00992026 /* VBSetBrowserTVC.h */,
				544441B318BB581B00992026 /* VBSetBrowserTVC.m */,
			);
			path = SetBrowser;
			sourceTree = "<group>";
		};
		BB5D79662ACDC5C0004FA0FB /* SetMenu */ = {
			isa = PBXGroup;
			children = (
				54E1309118BA6E5D00C69E8A /* VBSetMenuTVC.h */,
				54E1309218BA6E5D00C69E8A /* VBSetMenuTVC.m */,
			);
			path = SetMenu;
			sourceTree = "<group>";
		};
		BB5D79672ACDC5CC004FA0FB /* LearnWords */ = {
			isa = PBXGroup;
			children = (
				54DDF9EF18BAA79C0024633F /* VBWordTrainerVC.h */,
				54DDF9F018BAA79C0024633F /* VBWordTrainerVC.m */,
				5465112018EE9F29009CB416 /* VBWordTrainerView.h */,
				5465112118EE9F29009CB416 /* VBWordTrainerView.m */,
				54E8759C18DB55C000CED41A /* VBWordQuizVC.h */,
				54E8759D18DB55C000CED41A /* VBWordQuizVC.m */,
				5465111D18EE9829009CB416 /* VBWordQuizView.h */,
				5465111E18EE9829009CB416 /* VBWordQuizView.m */,
			);
			path = LearnWords;
			sourceTree = "<group>";
		};
		BB5D79682ACDC5D5004FA0FB /* WordInspector */ = {
			isa = PBXGroup;
			children = (
				5468EB5118B8AEB700716507 /* VBWordInspectorVC.h */,
				5468EB5218B8AEB700716507 /* VBWordInspectorVC.m */,
				5496FE4E18CC946000E58378 /* VBWordView.h */,
				5496FE4F18CC946000E58378 /* VBWordView.m */,
			);
			path = WordInspector;
			sourceTree = "<group>";
		};
		BB5D79692ACDC5F1004FA0FB /* WordLookup */ = {
			isa = PBXGroup;
			children = (
				545624BF18BA08510017A257 /* VBWordLookupVC.h */,
				545624C018BA08510017A257 /* VBWordLookupVC.m */,
				5424172018DAF19300DB913A /* VBLookupSettings.h */,
				5424172118DAF19300DB913A /* VBLookupSettings.m */,
				5424172318DAF43F00DB913A /* VBLookupAddURLVC.h */,
				5424172418DAF43F00DB913A /* VBLookupAddURLVC.m */,
			);
			path = WordLookup;
			sourceTree = "<group>";
		};
		BB5D796A2ACDC5FB004FA0FB /* WordBrowser */ = {
			isa = PBXGroup;
			children = (
				5425CEFD18B907EE00FCA274 /* VBWordBrowserTVC.h */,
				5425CEFE18B907EE00FCA274 /* VBWordBrowserTVC.m */,
				5433851D18BE58EE0084C143 /* WordsStatistcsCell.h */,
				5433851E18BE58EE0084C143 /* WordsStatistcsCell.m */,
			);
			path = WordBrowser;
			sourceTree = "<group>";
		};
		BB5D796B2ACDC670004FA0FB /* Core */ = {
			isa = PBXGroup;
			children = (
				54B19D61194A0796003B0888 /* Vocab Book.entitlements */,
				BB44FE4D2AC011D300510833 /* VocabBookApp.swift */,
				5468EB3E18B8AEB600716507 /* Vocab Book-Info.plist */,
				BB44FE4C2AC011D300510833 /* Vocab Book-Bridging-Header.h */,
				5468EB3F18B8AEB600716507 /* InfoPlist.strings */,
				BB44FE492AC0113C00510833 /* LaunchScreen.storyboard */,
			);
			path = Core;
			sourceTree = "<group>";
		};
		BB5D796C2ACDC692004FA0FB /* Shared */ = {
			isa = PBXGroup;
			children = (
				BB5D796D2ACDC696004FA0FB /* Views */,
				BB5D796E2ACDC6A0004FA0FB /* Extensions */,
			);
			path = Shared;
			sourceTree = "<group>";
		};
		BB5D796D2ACDC696004FA0FB /* Views */ = {
			isa = PBXGroup;
			children = (
				BB5D79452ACDB0D9004FA0FB /* ImageButton.swift */,
				BB5D79472ACDB101004FA0FB /* RoundedCorner.swift */,
			);
			path = Views;
			sourceTree = "<group>";
		};
		BB5D796E2ACDC6A0004FA0FB /* Extensions */ = {
			isa = PBXGroup;
			children = (
				BBD2934F2ACB01B200A02C84 /* String+Extensions.swift */,
			);
			path = Extensions;
			sourceTree = "<group>";
		};
		BB5D796F2ACDC6BC004FA0FB /* Translator */ = {
			isa = PBXGroup;
			children = (
				BB70BCC32AC7359C007D732B /* ITranslator.swift */,
				BB70BCC52AC735E5007D732B /* LibreTranslator.swift */,
				BB70BCC72AC735EB007D732B /* MockTranslator.swift */,
			);
			path = Translator;
			sourceTree = "<group>";
		};
		BB5D79702ACDC6C7004FA0FB /* Services */ = {
			isa = PBXGroup;
			children = (
				BB5D796F2ACDC6BC004FA0FB /* Translator */,
			);
			path = Services;
			sourceTree = "<group>";
		};
		BB5D79722ACDC6E5004FA0FB /* Model */ = {
			isa = PBXGroup;
			children = (
				BB44FE552AC019A400510833 /* VocabSet.swift */,
				BB5289CE2AC169DB008968F8 /* VocabCard.swift */,
				BBD60A4E2AC17472006F396A /* CardLevel.swift */,
				BB70BCC92AC745FD007D732B /* PreviewContainer.swift */,
			);
			path = Model;
			sourceTree = "<group>";
		};
		BB5D79732ACDC6F6004FA0FB /* Main */ = {
			isa = PBXGroup;
			children = (
				BB44FE512AC0192700510833 /* MainView.swift */,
			);
			path = Main;
			sourceTree = "<group>";
		};
		BB5D79742ACDC700004FA0FB /* VocabSet */ = {
			isa = PBXGroup;
			children = (
				BB44FE592AC022F400510833 /* VocabSetView.swift */,
				BBD60A502AC1877C006F396A /* VocabSetAddView.swift */,
				BB44FE572AC022DF00510833 /* VocabSetEditView.swift */,
				BBD60A522AC18DC9006F396A /* VocabLearnView.swift */,
			);
			path = VocabSet;
			sourceTree = "<group>";
		};
		BB5D79752ACDC709004FA0FB /* VocabCard */ = {
			isa = PBXGroup;
			children = (
				BB5289D02AC16A4A008968F8 /* CardEditView.swift */,
			);
			path = VocabCard;
			sourceTree = "<group>";
		};
		BB5D79762ACDC716004FA0FB /* Settings */ = {
			isa = PBXGroup;
			children = (
				BB5D793F2ACDA55B004FA0FB /* SettingsView.swift */,
			);
			path = Settings;
			sourceTree = "<group>";
		};
		BB8851842AC832A300492763 /* VocabBookWidget */ = {
			isa = PBXGroup;
			children = (
				BB8851852AC832A300492763 /* VocabBookWidgetBundle.swift */,
				BB8851872AC832A300492763 /* VocabBookWidgetLiveActivity.swift */,
				BB8851892AC832A300492763 /* VocabBookWidget.swift */,
				BB88518B2AC832A300492763 /* AppIntent.swift */,
				BB88518D2AC832A400492763 /* Assets.xcassets */,
				BB88518F2AC832A400492763 /* Info.plist */,
			);
			path = VocabBookWidget;
			sourceTree = "<group>";
		};
		BBD60A562AC2C4C5006F396A /* Resources */ = {
			isa = PBXGroup;
			children = (
				5420DC7518C39F3D006CE82F /* Localizable.strings */,
				5468EB5418B8AEB700716507 /* Images.xcassets */,
				540D278E19473E34003B3BAA /* appdescription.txt */,
			);
			name = Resources;
			sourceTree = "<group>";
		};
/* End PBXGroup section */

/* Begin PBXNativeTarget section */
		5468EB3218B8AEB600716507 /* Vocab Book */ = {
			isa = PBXNativeTarget;
			buildConfigurationList = 5468EB6B18B8AEB700716507 /* Build configuration list for PBXNativeTarget "Vocab Book" */;
			buildPhases = (
				5468EB2F18B8AEB600716507 /* Sources */,
				5468EB3018B8AEB600716507 /* Frameworks */,
				5468EB3118B8AEB600716507 /* Resources */,
				BB8851962AC832A400492763 /* Embed Foundation Extensions */,
				BB5D79412ACDAF62004FA0FB /* SwiftLint */,
			);
			buildRules = (
			);
			dependencies = (
				BB8851912AC832A400492763 /* PBXTargetDependency */,
			);
			name = "Vocab Book";
			packageProductDependencies = (
				BB70BCC02AC7338D007D732B /* LibreTranslate */,
			);
			productName = MyWords;
			productReference = 5468EB3318B8AEB600716507 /* Vocab Book.app */;
			productType = "com.apple.product-type.application";
		};
		5468EB5918B8AEB700716507 /* Vocab BookTests */ = {
			isa = PBXNativeTarget;
			buildConfigurationList = 5468EB6E18B8AEB700716507 /* Build configuration list for PBXNativeTarget "Vocab BookTests" */;
			buildPhases = (
				5468EB5618B8AEB700716507 /* Sources */,
				5468EB5718B8AEB700716507 /* Frameworks */,
				5468EB5818B8AEB700716507 /* Resources */,
			);
			buildRules = (
			);
			dependencies = (
				5468EB6018B8AEB700716507 /* PBXTargetDependency */,
			);
			name = "Vocab BookTests";
			productName = MyWordsTests;
			productReference = 5468EB5A18B8AEB700716507 /* Vocab BookTests.xctest */;
			productType = "com.apple.product-type.bundle.unit-test";
		};
		BB88517E2AC832A300492763 /* VocabBookWidgetExtension */ = {
			isa = PBXNativeTarget;
			buildConfigurationList = BB8851932AC832A400492763 /* Build configuration list for PBXNativeTarget "VocabBookWidgetExtension" */;
			buildPhases = (
				BB88517B2AC832A300492763 /* Sources */,
				BB88517C2AC832A300492763 /* Frameworks */,
				BB88517D2AC832A300492763 /* Resources */,
			);
			buildRules = (
			);
			dependencies = (
			);
			name = VocabBookWidgetExtension;
			productName = VocabBookWidgetExtension;
			productReference = BB88517F2AC832A300492763 /* VocabBookWidgetExtension.appex */;
			productType = "com.apple.product-type.app-extension";
		};
/* End PBXNativeTarget section */

/* Begin PBXProject section */
		5468EB2B18B8AEB600716507 /* Project object */ = {
			isa = PBXProject;
			attributes = {
				CLASSPREFIX = Words;
				LastSwiftUpdateCheck = 1500;
				LastUpgradeCheck = 0510;
				ORGANIZATIONNAME = "Oliver Brehm";
				TargetAttributes = {
					5468EB3218B8AEB600716507 = {
						DevelopmentTeam = CR6FRMMTU7;
						LastSwiftMigration = 1500;
						SystemCapabilities = {
							com.apple.BackgroundModes = {
								enabled = 1;
							};
							com.apple.InAppPurchase = {
								enabled = 1;
							};
							com.apple.iCloud = {
								enabled = 1;
							};
						};
					};
					5468EB5918B8AEB700716507 = {
						TestTargetID = 5468EB3218B8AEB600716507;
					};
					BB88517E2AC832A300492763 = {
						CreatedOnToolsVersion = 15.0;
					};
				};
			};
			buildConfigurationList = 5468EB2E18B8AEB600716507 /* Build configuration list for PBXProject "Vocab Book" */;
			compatibilityVersion = "Xcode 3.2";
			developmentRegion = English;
			hasScannedForEncodings = 0;
			knownRegions = (
				English,
				en,
				Base,
				de,
			);
			mainGroup = 5468EB2A18B8AEB600716507;
			packageReferences = (
				BB70BCBF2AC7338D007D732B /* XCRemoteSwiftPackageReference "libretranslate" */,
			);
			productRefGroup = 5468EB3418B8AEB600716507 /* Products */;
			projectDirPath = "";
			projectRoot = "";
			targets = (
				5468EB3218B8AEB600716507 /* Vocab Book */,
				5468EB5918B8AEB700716507 /* Vocab BookTests */,
				BB88517E2AC832A300492763 /* VocabBookWidgetExtension */,
			);
		};
/* End PBXProject section */

/* Begin PBXResourcesBuildPhase section */
		5468EB3118B8AEB600716507 /* Resources */ = {
			isa = PBXResourcesBuildPhase;
			buildActionMask = 2147483647;
			files = (
				BB5D79432ACDAFA4004FA0FB /* .swiftlint.yml in Resources */,
				BB44FE4A2AC0113C00510833 /* LaunchScreen.storyboard in Resources */,
				5420DC7318C39F3D006CE82F /* Localizable.strings in Resources */,
				5468EB4D18B8AEB700716507 /* Main_iPad.storyboard in Resources */,
				5468EB5518B8AEB700716507 /* Images.xcassets in Resources */,
				5468EB4A18B8AEB600716507 /* Main_iPhone.storyboard in Resources */,
				5468EB4118B8AEB600716507 /* InfoPlist.strings in Resources */,
			);
			runOnlyForDeploymentPostprocessing = 0;
		};
		5468EB5818B8AEB700716507 /* Resources */ = {
			isa = PBXResourcesBuildPhase;
			buildActionMask = 2147483647;
			files = (
			);
			runOnlyForDeploymentPostprocessing = 0;
		};
		BB88517D2AC832A300492763 /* Resources */ = {
			isa = PBXResourcesBuildPhase;
			buildActionMask = 2147483647;
			files = (
				BB88518E2AC832A400492763 /* Assets.xcassets in Resources */,
			);
			runOnlyForDeploymentPostprocessing = 0;
		};
/* End PBXResourcesBuildPhase section */

/* Begin PBXShellScriptBuildPhase section */
		BB5D79412ACDAF62004FA0FB /* SwiftLint */ = {
			isa = PBXShellScriptBuildPhase;
			buildActionMask = 2147483647;
			files = (
			);
			inputFileListPaths = (
			);
			inputPaths = (
			);
			name = SwiftLint;
			outputFileListPaths = (
			);
			outputPaths = (
			);
			runOnlyForDeploymentPostprocessing = 0;
			shellPath = /bin/sh;
			shellScript = "if [[ \"$(uname -m)\" == arm64 ]]; then\n    export PATH=\"/opt/homebrew/bin:$PATH\"\nfi\n\nif which swiftlint > /dev/null; then\n  swiftlint\nelse\n  echo \"warning: SwiftLint not installed, download from https://github.com/realm/SwiftLint\"\nfi\n";
		};
/* End PBXShellScriptBuildPhase section */

/* Begin PBXSourcesBuildPhase section */
		5468EB2F18B8AEB600716507 /* Sources */ = {
			isa = PBXSourcesBuildPhase;
			buildActionMask = 2147483647;
			files = (
				54E1309318BA6E5D00C69E8A /* VBSetMenuTVC.m in Sources */,
				5447464118F803D8005D3E18 /* VBLookupURLHelper.m in Sources */,
				5424172518DAF43F00DB913A /* VBLookupAddURLVC.m in Sources */,
				54E8759E18DB55C000CED41A /* VBWordQuizVC.m in Sources */,
				543A0EB4190D3CDB0036280A /* WordSet.m in Sources */,
				543A0EAE190D38E90036280A /* Word.m in Sources */,
				544441B718BB5C9A00992026 /* VBMenuNavigationCell.m in Sources */,
				5450D95818CF1E43001B4BCB /* VBHelper.m in Sources */,
				541E9850192F419E000020E6 /* VBHelpPageVC.m in Sources */,
				5425CF0518B919B900FCA274 /* VBMenuWordSetCell.m in Sources */,
				BB44FE4E2AC011D300510833 /* VocabBookApp.swift in Sources */,
				BB5D79602ACDC3AE004FA0FB /* WordsModel.xcdatamodeld in Sources */,
				BB44FE5A2AC022F400510833 /* VocabSetView.swift in Sources */,
				BB5D79482ACDB101004FA0FB /* RoundedCorner.swift in Sources */,
				54715942192DE912002C9E24 /* WordSet+DocumentOperations.m in Sources */,
				BBD293502ACB01B200A02C84 /* String+Extensions.swift in Sources */,
				5468EB5318B8AEB700716507 /* VBWordInspectorVC.m in Sources */,
				BBD60A512AC1877C006F396A /* VocabSetAddView.swift in Sources */,
				5465111F18EE9829009CB416 /* VBWordQuizView.m in Sources */,
				BB5D79462ACDB0D9004FA0FB /* ImageButton.swift in Sources */,
				5468EB4718B8AEB600716507 /* VBAppDelegate.m in Sources */,
				5440FD3218E1CF12002B688F /* VBCreateSetDescriptionCell.m in Sources */,
				BB44FE562AC019A400510833 /* VocabSet.swift in Sources */,
				BB70BCC62AC735E5007D732B /* LibreTranslator.swift in Sources */,
				54589681190A47100092937F /* VBImportExport.m in Sources */,
				BBD60A4F2AC17472006F396A /* CardLevel.swift in Sources */,
				545D370218E48F8200A8A94B /* VBSetBrowserBase.m in Sources */,
				BBD60A532AC18DC9006F396A /* VocabLearnView.swift in Sources */,
				54DDF9EE18BA8CB80024633F /* VBCreateSetTVC.m in Sources */,
				541E984D192F417F000020E6 /* VBHelpTVC.m in Sources */,
				54DDF9F118BAA79C0024633F /* VBWordTrainerVC.m in Sources */,
				544C667618D492310020C615 /* VBChangeSetTVC.m in Sources */,
				54B7918F18C294ED00F865E4 /* VBMenuVocabCell.m in Sources */,
				5440FD2F18E1CEF6002B688F /* VBCreateSetNameCell.m in Sources */,
				5425CEFF18B907EE00FCA274 /* VBWordBrowserTVC.m in Sources */,
				5433851F18BE58EE0084C143 /* WordsStatistcsCell.m in Sources */,
				545624C118BA08510017A257 /* VBWordLookupVC.m in Sources */,
				BB44FE582AC022DF00510833 /* VocabSetEditView.swift in Sources */,
				BB5289CF2AC169DB008968F8 /* VocabCard.swift in Sources */,
				54AE86CF18E34E3F00A3860F /* VBDocumentManager.m in Sources */,
				BB44FE522AC0192700510833 /* MainView.swift in Sources */,
				546FA3AA18E2E38B00F0CBAC /* VBPremiumTVC.m in Sources */,
				5471593F192DE904002C9E24 /* Word+DocumentOperations.m in Sources */,
				5424172218DAF19300DB913A /* VBLookupSettings.m in Sources */,
				5440FD3518E1CF28002B688F /* VBCreateSetFavouritesCell.m in Sources */,
				54589684190A4C7B0092937F /* VBImportFileTVC.m in Sources */,
				5440FD3818E1E6B0002B688F /* VBMenuFooterView.m in Sources */,
				544441B118BB534D00992026 /* VBMenuHeaderView.m in Sources */,
				544C667318D47FA60020C615 /* VBSettingsTVC.m in Sources */,
				BB5D79402ACDA55B004FA0FB /* SettingsView.swift in Sources */,
				54E875A418DB773200CED41A /* VBCreateSetAddLanguageVC.m in Sources */,
				BB5289D12AC16A4A008968F8 /* CardEditView.swift in Sources */,
				5496FE5018CC946000E58378 /* VBWordView.m in Sources */,
				5465112218EE9F29009CB416 /* VBWordTrainerView.m in Sources */,
				BB70BCC42AC7359C007D732B /* ITranslator.swift in Sources */,
				BB70BCC82AC735EB007D732B /* MockTranslator.swift in Sources */,
				544441B418BB581B00992026 /* VBSetBrowserTVC.m in Sources */,
				54E875A118DB67DB00CED41A /* VBMenuEmptyCell.m in Sources */,
				BB70BCCA2AC745FD007D732B /* PreviewContainer.swift in Sources */,
				5425CEFC18B907A300FCA274 /* VBMenuCVC.m in Sources */,
			);
			runOnlyForDeploymentPostprocessing = 0;
		};
		5468EB5618B8AEB700716507 /* Sources */ = {
			isa = PBXSourcesBuildPhase;
			buildActionMask = 2147483647;
			files = (
			);
			runOnlyForDeploymentPostprocessing = 0;
		};
		BB88517B2AC832A300492763 /* Sources */ = {
			isa = PBXSourcesBuildPhase;
			buildActionMask = 2147483647;
			files = (
				BB8851982AC83B8800492763 /* CardLevel.swift in Sources */,
				BB8851862AC832A300492763 /* VocabBookWidgetBundle.swift in Sources */,
				BB88518C2AC832A300492763 /* AppIntent.swift in Sources */,
				BB8851882AC832A300492763 /* VocabBookWidgetLiveActivity.swift in Sources */,
				BB88518A2AC832A300492763 /* VocabBookWidget.swift in Sources */,
			);
			runOnlyForDeploymentPostprocessing = 0;
		};
/* End PBXSourcesBuildPhase section */

/* Begin PBXTargetDependency section */
		5468EB6018B8AEB700716507 /* PBXTargetDependency */ = {
			isa = PBXTargetDependency;
			target = 5468EB3218B8AEB600716507 /* Vocab Book */;
			targetProxy = 5468EB5F18B8AEB700716507 /* PBXContainerItemProxy */;
		};
		BB8851912AC832A400492763 /* PBXTargetDependency */ = {
			isa = PBXTargetDependency;
			target = BB88517E2AC832A300492763 /* VocabBookWidgetExtension */;
			targetProxy = BB8851902AC832A400492763 /* PBXContainerItemProxy */;
		};
/* End PBXTargetDependency section */

/* Begin PBXVariantGroup section */
		540D278E19473E34003B3BAA /* appdescription.txt */ = {
			isa = PBXVariantGroup;
			children = (
				540D278D19473E34003B3BAA /* de */,
				540D278F19473E39003B3BAA /* en */,
			);
			name = appdescription.txt;
			path = ..;
			sourceTree = "<group>";
		};
		5420DC7518C39F3D006CE82F /* Localizable.strings */ = {
			isa = PBXVariantGroup;
			children = (
				5420DC7418C39F3D006CE82F /* Base */,
				546795D9193E1C24003FB111 /* de */,
			);
			name = Localizable.strings;
			sourceTree = "<group>";
		};
		5468EB3F18B8AEB600716507 /* InfoPlist.strings */ = {
			isa = PBXVariantGroup;
			children = (
				5468EB4018B8AEB600716507 /* en */,
			);
			name = InfoPlist.strings;
			sourceTree = "<group>";
		};
		5468EB4818B8AEB600716507 /* Main_iPhone.storyboard */ = {
			isa = PBXVariantGroup;
			children = (
				5468EB4918B8AEB600716507 /* Base */,
			);
			name = Main_iPhone.storyboard;
			sourceTree = "<group>";
		};
		5468EB4B18B8AEB700716507 /* Main_iPad.storyboard */ = {
			isa = PBXVariantGroup;
			children = (
				5468EB4C18B8AEB700716507 /* Base */,
				546795D5193E1BDB003FB111 /* de */,
			);
			name = Main_iPad.storyboard;
			sourceTree = "<group>";
		};
/* End PBXVariantGroup section */

/* Begin XCBuildConfiguration section */
		5468EB6918B8AEB700716507 /* Debug */ = {
			isa = XCBuildConfiguration;
			buildSettings = {
				ALWAYS_SEARCH_USER_PATHS = NO;
				CLANG_CXX_LANGUAGE_STANDARD = "gnu++0x";
				CLANG_CXX_LIBRARY = "libc++";
				CLANG_ENABLE_MODULES = YES;
				CLANG_ENABLE_OBJC_ARC = YES;
				CLANG_WARN_BOOL_CONVERSION = YES;
				CLANG_WARN_CONSTANT_CONVERSION = YES;
				CLANG_WARN_DIRECT_OBJC_ISA_USAGE = YES_ERROR;
				CLANG_WARN_EMPTY_BODY = YES;
				CLANG_WARN_ENUM_CONVERSION = YES;
				CLANG_WARN_INT_CONVERSION = YES;
				CLANG_WARN_OBJC_ROOT_CLASS = YES_ERROR;
				CLANG_WARN__DUPLICATE_METHOD_MATCH = YES;
				"CODE_SIGN_IDENTITY[sdk=iphoneos*]" = "iPhone Developer";
				COPY_PHASE_STRIP = NO;
				GCC_C_LANGUAGE_STANDARD = gnu99;
				GCC_DYNAMIC_NO_PIC = NO;
				GCC_OPTIMIZATION_LEVEL = 0;
				GCC_PREPROCESSOR_DEFINITIONS = (
					"DEBUG=1",
					"$(inherited)",
				);
				GCC_SYMBOLS_PRIVATE_EXTERN = NO;
				GCC_WARN_64_TO_32_BIT_CONVERSION = YES;
				GCC_WARN_ABOUT_RETURN_TYPE = YES_ERROR;
				GCC_WARN_UNDECLARED_SELECTOR = YES;
				GCC_WARN_UNINITIALIZED_AUTOS = YES;
				GCC_WARN_UNUSED_FUNCTION = YES;
				GCC_WARN_UNUSED_VARIABLE = YES;
				IPHONEOS_DEPLOYMENT_TARGET = 7.0;
				ONLY_ACTIVE_ARCH = YES;
				SDKROOT = iphoneos;
				TARGETED_DEVICE_FAMILY = "1,2";
			};
			name = Debug;
		};
		5468EB6A18B8AEB700716507 /* Release */ = {
			isa = XCBuildConfiguration;
			buildSettings = {
				ALWAYS_SEARCH_USER_PATHS = NO;
				CLANG_CXX_LANGUAGE_STANDARD = "gnu++0x";
				CLANG_CXX_LIBRARY = "libc++";
				CLANG_ENABLE_MODULES = YES;
				CLANG_ENABLE_OBJC_ARC = YES;
				CLANG_WARN_BOOL_CONVERSION = YES;
				CLANG_WARN_CONSTANT_CONVERSION = YES;
				CLANG_WARN_DIRECT_OBJC_ISA_USAGE = YES_ERROR;
				CLANG_WARN_EMPTY_BODY = YES;
				CLANG_WARN_ENUM_CONVERSION = YES;
				CLANG_WARN_INT_CONVERSION = YES;
				CLANG_WARN_OBJC_ROOT_CLASS = YES_ERROR;
				CLANG_WARN__DUPLICATE_METHOD_MATCH = YES;
				"CODE_SIGN_IDENTITY[sdk=iphoneos*]" = "iPhone Developer";
				COPY_PHASE_STRIP = YES;
				ENABLE_NS_ASSERTIONS = NO;
				GCC_C_LANGUAGE_STANDARD = gnu99;
				GCC_WARN_64_TO_32_BIT_CONVERSION = YES;
				GCC_WARN_ABOUT_RETURN_TYPE = YES_ERROR;
				GCC_WARN_UNDECLARED_SELECTOR = YES;
				GCC_WARN_UNINITIALIZED_AUTOS = YES;
				GCC_WARN_UNUSED_FUNCTION = YES;
				GCC_WARN_UNUSED_VARIABLE = YES;
				IPHONEOS_DEPLOYMENT_TARGET = 7.0;
				SDKROOT = iphoneos;
				TARGETED_DEVICE_FAMILY = "1,2";
				VALIDATE_PRODUCT = YES;
			};
			name = Release;
		};
		5468EB6C18B8AEB700716507 /* Debug */ = {
			isa = XCBuildConfiguration;
			buildSettings = {
				ALWAYS_EMBED_SWIFT_STANDARD_LIBRARIES = YES;
				ASSETCATALOG_COMPILER_APPICON_NAME = AppIcon;
				ASSETCATALOG_COMPILER_LAUNCHIMAGE_NAME = LaunchImage;
				CLANG_ENABLE_MODULES = YES;
				CODE_SIGN_ENTITLEMENTS = "VocabBook/Core/Vocab Book.entitlements";
				CODE_SIGN_IDENTITY = "iPhone Developer";
				"CODE_SIGN_IDENTITY[sdk=iphoneos*]" = "iPhone Developer";
				DEVELOPMENT_TEAM = CR6FRMMTU7;
				GCC_PRECOMPILE_PREFIX_HEADER = YES;
				GCC_PREFIX_HEADER = "VocabBook/Legacy/Vocab Book-Prefix.pch";
				INFOPLIST_FILE = "VocabBook/Core/Vocab Book-Info.plist";
				IPHONEOS_DEPLOYMENT_TARGET = 17.0;
				PRODUCT_NAME = "Vocab Book";
				PROVISIONING_PROFILE = "";
				SWIFT_OBJC_BRIDGING_HEADER = "VocabBook/Core/Vocab Book-Bridging-Header.h";
				SWIFT_OPTIMIZATION_LEVEL = "-Onone";
				SWIFT_VERSION = 5.0;
				WRAPPER_EXTENSION = app;
			};
			name = Debug;
		};
		5468EB6D18B8AEB700716507 /* Release */ = {
			isa = XCBuildConfiguration;
			buildSettings = {
				ALWAYS_EMBED_SWIFT_STANDARD_LIBRARIES = YES;
				ASSETCATALOG_COMPILER_APPICON_NAME = AppIcon;
				ASSETCATALOG_COMPILER_LAUNCHIMAGE_NAME = LaunchImage;
				CLANG_ENABLE_MODULES = YES;
				CODE_SIGN_ENTITLEMENTS = "VocabBook/Core/Vocab Book.entitlements";
				CODE_SIGN_IDENTITY = "iPhone Developer";
				"CODE_SIGN_IDENTITY[sdk=iphoneos*]" = "iPhone Developer";
				DEVELOPMENT_TEAM = CR6FRMMTU7;
				GCC_PRECOMPILE_PREFIX_HEADER = YES;
				GCC_PREFIX_HEADER = "VocabBook/Legacy/Vocab Book-Prefix.pch";
				INFOPLIST_FILE = "VocabBook/Core/Vocab Book-Info.plist";
				IPHONEOS_DEPLOYMENT_TARGET = 17.0;
				PRODUCT_NAME = "Vocab Book";
				PROVISIONING_PROFILE = "";
				SWIFT_OBJC_BRIDGING_HEADER = "VocabBook/Core/Vocab Book-Bridging-Header.h";
				SWIFT_VERSION = 5.0;
				WRAPPER_EXTENSION = app;
			};
			name = Release;
		};
		5468EB6F18B8AEB700716507 /* Debug */ = {
			isa = XCBuildConfiguration;
			buildSettings = {
				ALWAYS_EMBED_SWIFT_STANDARD_LIBRARIES = YES;
				BUNDLE_LOADER = "$(BUILT_PRODUCTS_DIR)/Vocab Book.app/Vocab Book";
				FRAMEWORK_SEARCH_PATHS = (
					"$(SDKROOT)/Developer/Library/Frameworks",
					"$(inherited)",
					"$(DEVELOPER_FRAMEWORKS_DIR)",
				);
				GCC_PRECOMPILE_PREFIX_HEADER = YES;
				GCC_PREFIX_HEADER = "MyWords/MyWords-Prefix.pch";
				GCC_PREPROCESSOR_DEFINITIONS = (
					"DEBUG=1",
					"$(inherited)",
				);
				INFOPLIST_FILE = "MyWordsTests/Vocab BookTests-Info.plist";
				PRODUCT_NAME = "Vocab BookTests";
				TEST_HOST = "$(BUNDLE_LOADER)";
				WRAPPER_EXTENSION = xctest;
			};
			name = Debug;
		};
		5468EB7018B8AEB700716507 /* Release */ = {
			isa = XCBuildConfiguration;
			buildSettings = {
				ALWAYS_EMBED_SWIFT_STANDARD_LIBRARIES = YES;
				BUNDLE_LOADER = "$(BUILT_PRODUCTS_DIR)/Vocab Book.app/Vocab Book";
				FRAMEWORK_SEARCH_PATHS = (
					"$(SDKROOT)/Developer/Library/Frameworks",
					"$(inherited)",
					"$(DEVELOPER_FRAMEWORKS_DIR)",
				);
				GCC_PRECOMPILE_PREFIX_HEADER = YES;
				GCC_PREFIX_HEADER = "MyWords/MyWords-Prefix.pch";
				INFOPLIST_FILE = "MyWordsTests/Vocab BookTests-Info.plist";
				PRODUCT_NAME = "Vocab BookTests";
				TEST_HOST = "$(BUNDLE_LOADER)";
				WRAPPER_EXTENSION = xctest;
			};
			name = Release;
		};
		BB8851942AC832A400492763 /* Debug */ = {
			isa = XCBuildConfiguration;
			buildSettings = {
				ASSETCATALOG_COMPILER_GENERATE_SWIFT_ASSET_SYMBOL_EXTENSIONS = YES;
				ASSETCATALOG_COMPILER_GLOBAL_ACCENT_COLOR_NAME = AccentColor;
				ASSETCATALOG_COMPILER_WIDGET_BACKGROUND_COLOR_NAME = WidgetBackground;
				CLANG_ANALYZER_NONNULL = YES;
				CLANG_ANALYZER_NUMBER_OBJECT_CONVERSION = YES_AGGRESSIVE;
				CLANG_CXX_LANGUAGE_STANDARD = "gnu++20";
				CLANG_ENABLE_OBJC_WEAK = YES;
				CLANG_WARN_BLOCK_CAPTURE_AUTORELEASING = YES;
				CLANG_WARN_COMMA = YES;
				CLANG_WARN_DEPRECATED_OBJC_IMPLEMENTATIONS = YES;
				CLANG_WARN_DOCUMENTATION_COMMENTS = YES;
				CLANG_WARN_INFINITE_RECURSION = YES;
				CLANG_WARN_NON_LITERAL_NULL_CONVERSION = YES;
				CLANG_WARN_OBJC_IMPLICIT_RETAIN_SELF = YES;
				CLANG_WARN_OBJC_LITERAL_CONVERSION = YES;
				CLANG_WARN_QUOTED_INCLUDE_IN_FRAMEWORK_HEADER = YES;
				CLANG_WARN_RANGE_LOOP_ANALYSIS = YES;
				CLANG_WARN_STRICT_PROTOTYPES = YES;
				CLANG_WARN_SUSPICIOUS_MOVE = YES;
				CLANG_WARN_UNGUARDED_AVAILABILITY = YES_AGGRESSIVE;
				CLANG_WARN_UNREACHABLE_CODE = YES;
				CODE_SIGN_IDENTITY = "iPhone Developer";
				"CODE_SIGN_IDENTITY[sdk=iphoneos*]" = "iPhone Developer";
				CODE_SIGN_STYLE = Automatic;
				CURRENT_PROJECT_VERSION = 1;
				DEBUG_INFORMATION_FORMAT = dwarf;
				DEVELOPMENT_TEAM = CR6FRMMTU7;
				ENABLE_STRICT_OBJC_MSGSEND = YES;
				ENABLE_TESTABILITY = YES;
				ENABLE_USER_SCRIPT_SANDBOXING = YES;
				GCC_C_LANGUAGE_STANDARD = gnu17;
				GCC_NO_COMMON_BLOCKS = YES;
				GCC_WARN_UNINITIALIZED_AUTOS = YES_AGGRESSIVE;
				GENERATE_INFOPLIST_FILE = YES;
				INFOPLIST_FILE = VocabBookWidget/Info.plist;
				INFOPLIST_KEY_CFBundleDisplayName = VocabBookWidget;
				INFOPLIST_KEY_NSHumanReadableCopyright = "Copyright © 2023 Oliver Brehm. All rights reserved.";
				IPHONEOS_DEPLOYMENT_TARGET = 17.0;
				LD_RUNPATH_SEARCH_PATHS = (
					"$(inherited)",
					"@executable_path/Frameworks",
					"@executable_path/../../Frameworks",
				);
				LOCALIZATION_PREFERS_STRING_CATALOGS = YES;
				MARKETING_VERSION = 1.0;
				MTL_ENABLE_DEBUG_INFO = INCLUDE_SOURCE;
				MTL_FAST_MATH = YES;
				PRODUCT_BUNDLE_IDENTIFIER = "com.vocab-book.vocabbook.VocabBookWidget";
				PRODUCT_NAME = "$(TARGET_NAME)";
				SKIP_INSTALL = YES;
				SWIFT_ACTIVE_COMPILATION_CONDITIONS = "DEBUG $(inherited)";
				SWIFT_EMIT_LOC_STRINGS = YES;
				SWIFT_OPTIMIZATION_LEVEL = "-Onone";
				SWIFT_VERSION = 5.0;
				TARGETED_DEVICE_FAMILY = "1,2";
			};
			name = Debug;
		};
		BB8851952AC832A400492763 /* Release */ = {
			isa = XCBuildConfiguration;
			buildSettings = {
				ASSETCATALOG_COMPILER_GENERATE_SWIFT_ASSET_SYMBOL_EXTENSIONS = YES;
				ASSETCATALOG_COMPILER_GLOBAL_ACCENT_COLOR_NAME = AccentColor;
				ASSETCATALOG_COMPILER_WIDGET_BACKGROUND_COLOR_NAME = WidgetBackground;
				CLANG_ANALYZER_NONNULL = YES;
				CLANG_ANALYZER_NUMBER_OBJECT_CONVERSION = YES_AGGRESSIVE;
				CLANG_CXX_LANGUAGE_STANDARD = "gnu++20";
				CLANG_ENABLE_OBJC_WEAK = YES;
				CLANG_WARN_BLOCK_CAPTURE_AUTORELEASING = YES;
				CLANG_WARN_COMMA = YES;
				CLANG_WARN_DEPRECATED_OBJC_IMPLEMENTATIONS = YES;
				CLANG_WARN_DOCUMENTATION_COMMENTS = YES;
				CLANG_WARN_INFINITE_RECURSION = YES;
				CLANG_WARN_NON_LITERAL_NULL_CONVERSION = YES;
				CLANG_WARN_OBJC_IMPLICIT_RETAIN_SELF = YES;
				CLANG_WARN_OBJC_LITERAL_CONVERSION = YES;
				CLANG_WARN_QUOTED_INCLUDE_IN_FRAMEWORK_HEADER = YES;
				CLANG_WARN_RANGE_LOOP_ANALYSIS = YES;
				CLANG_WARN_STRICT_PROTOTYPES = YES;
				CLANG_WARN_SUSPICIOUS_MOVE = YES;
				CLANG_WARN_UNGUARDED_AVAILABILITY = YES_AGGRESSIVE;
				CLANG_WARN_UNREACHABLE_CODE = YES;
				CODE_SIGN_IDENTITY = "iPhone Developer";
				"CODE_SIGN_IDENTITY[sdk=iphoneos*]" = "iPhone Developer";
				CODE_SIGN_STYLE = Automatic;
				COPY_PHASE_STRIP = NO;
				CURRENT_PROJECT_VERSION = 1;
				DEBUG_INFORMATION_FORMAT = "dwarf-with-dsym";
				DEVELOPMENT_TEAM = CR6FRMMTU7;
				ENABLE_STRICT_OBJC_MSGSEND = YES;
				ENABLE_USER_SCRIPT_SANDBOXING = YES;
				GCC_C_LANGUAGE_STANDARD = gnu17;
				GCC_NO_COMMON_BLOCKS = YES;
				GCC_WARN_UNINITIALIZED_AUTOS = YES_AGGRESSIVE;
				GENERATE_INFOPLIST_FILE = YES;
				INFOPLIST_FILE = VocabBookWidget/Info.plist;
				INFOPLIST_KEY_CFBundleDisplayName = VocabBookWidget;
				INFOPLIST_KEY_NSHumanReadableCopyright = "Copyright © 2023 Oliver Brehm. All rights reserved.";
				IPHONEOS_DEPLOYMENT_TARGET = 17.0;
				LD_RUNPATH_SEARCH_PATHS = (
					"$(inherited)",
					"@executable_path/Frameworks",
					"@executable_path/../../Frameworks",
				);
				LOCALIZATION_PREFERS_STRING_CATALOGS = YES;
				MARKETING_VERSION = 1.0;
				MTL_ENABLE_DEBUG_INFO = NO;
				MTL_FAST_MATH = YES;
				PRODUCT_BUNDLE_IDENTIFIER = "com.vocab-book.vocabbook.VocabBookWidget";
				PRODUCT_NAME = "$(TARGET_NAME)";
				SKIP_INSTALL = YES;
				SWIFT_COMPILATION_MODE = wholemodule;
				SWIFT_EMIT_LOC_STRINGS = YES;
				SWIFT_VERSION = 5.0;
				TARGETED_DEVICE_FAMILY = "1,2";
			};
			name = Release;
		};
/* End XCBuildConfiguration section */

/* Begin XCConfigurationList section */
		5468EB2E18B8AEB600716507 /* Build configuration list for PBXProject "Vocab Book" */ = {
			isa = XCConfigurationList;
			buildConfigurations = (
				5468EB6918B8AEB700716507 /* Debug */,
				5468EB6A18B8AEB700716507 /* Release */,
			);
			defaultConfigurationIsVisible = 0;
			defaultConfigurationName = Release;
		};
		5468EB6B18B8AEB700716507 /* Build configuration list for PBXNativeTarget "Vocab Book" */ = {
			isa = XCConfigurationList;
			buildConfigurations = (
				5468EB6C18B8AEB700716507 /* Debug */,
				5468EB6D18B8AEB700716507 /* Release */,
			);
			defaultConfigurationIsVisible = 0;
			defaultConfigurationName = Release;
		};
		5468EB6E18B8AEB700716507 /* Build configuration list for PBXNativeTarget "Vocab BookTests" */ = {
			isa = XCConfigurationList;
			buildConfigurations = (
				5468EB6F18B8AEB700716507 /* Debug */,
				5468EB7018B8AEB700716507 /* Release */,
			);
			defaultConfigurationIsVisible = 0;
			defaultConfigurationName = Release;
		};
		BB8851932AC832A400492763 /* Build configuration list for PBXNativeTarget "VocabBookWidgetExtension" */ = {
			isa = XCConfigurationList;
			buildConfigurations = (
				BB8851942AC832A400492763 /* Debug */,
				BB8851952AC832A400492763 /* Release */,
			);
			defaultConfigurationIsVisible = 0;
			defaultConfigurationName = Release;
		};
/* End XCConfigurationList section */

/* Begin XCRemoteSwiftPackageReference section */
		BB70BCBF2AC7338D007D732B /* XCRemoteSwiftPackageReference "libretranslate" */ = {
			isa = XCRemoteSwiftPackageReference;
			repositoryURL = "https://github.com/wacumov/libretranslate.git";
			requirement = {
				kind = upToNextMajorVersion;
				minimumVersion = 0.1.0;
			};
		};
/* End XCRemoteSwiftPackageReference section */

/* Begin XCSwiftPackageProductDependency section */
		BB70BCC02AC7338D007D732B /* LibreTranslate */ = {
			isa = XCSwiftPackageProductDependency;
			package = BB70BCBF2AC7338D007D732B /* XCRemoteSwiftPackageReference "libretranslate" */;
			productName = LibreTranslate;
		};
/* End XCSwiftPackageProductDependency section */

/* Begin XCVersionGroup section */
		BB5D79592ACDC3AE004FA0FB /* WordsModel.xcdatamodeld */ = {
			isa = XCVersionGroup;
			children = (
				BB5D795A2ACDC3AE004FA0FB /* WordsModel 2.xcdatamodel */,
				BB5D795B2ACDC3AE004FA0FB /* WordsModel 4.xcdatamodel */,
				BB5D795C2ACDC3AE004FA0FB /* WordsModel 6.xcdatamodel */,
				BB5D795D2ACDC3AE004FA0FB /* WordsModel 3.xcdatamodel */,
				BB5D795E2ACDC3AE004FA0FB /* WordsModel 5.xcdatamodel */,
				BB5D795F2ACDC3AE004FA0FB /* WordsModel.xcdatamodel */,
			);
			currentVersion = BB5D795E2ACDC3AE004FA0FB /* WordsModel 5.xcdatamodel */;
			path = WordsModel.xcdatamodeld;
			sourceTree = "<group>";
			versionGroupType = wrapper.xcdatamodel;
		};
/* End XCVersionGroup section */
	};
	rootObject = 5468EB2B18B8AEB600716507 /* Project object */;
}
